// !$*UTF8*$!
{
	archiveVersion = 1;
	classes = {
	};
	objectVersion = 48;
	objects = {

/* Begin PBXBuildFile section */
		22D2C163A464B8AA5B31A8D1 /* Pods_Suno.framework in Frameworks */ = {isa = PBXBuildFile; fileRef = CF42970A7DC6B0BA75E3F01F /* Pods_Suno.framework */; };
		310AEECE2344AEF400B11D44 /* MCDictionaryRowController.swift in Sources */ = {isa = PBXBuildFile; fileRef = 310AEECD2344AEF400B11D44 /* MCDictionaryRowController.swift */; };
		310CE56025F92FEC00C948DB /* HRCalculatorController.swift in Sources */ = {isa = PBXBuildFile; fileRef = 310CE55F25F92FEC00C948DB /* HRCalculatorController.swift */; };
		310CE56925F9FE1D00C948DB /* HealthKit.framework in Frameworks */ = {isa = PBXBuildFile; fileRef = 310CE56825F9FE1D00C948DB /* HealthKit.framework */; };
		310CE57225FA052100C948DB /* WorkoutTracking.swift in Sources */ = {isa = PBXBuildFile; fileRef = 310CE57125FA052100C948DB /* WorkoutTracking.swift */; };
		310D955024B1C0BF00936A27 /* UIFont.swift in Sources */ = {isa = PBXBuildFile; fileRef = 310D954F24B1C0BF00936A27 /* UIFont.swift */; };
		31108A91254808B9009E3DF1 /* Actions.swift in Sources */ = {isa = PBXBuildFile; fileRef = 317D4C252188CCF00081B38B /* Actions.swift */; };
		31108A9825482EC6009E3DF1 /* ActionsCell.swift in Sources */ = {isa = PBXBuildFile; fileRef = 31B61BC625336C6C00237602 /* ActionsCell.swift */; };
		31108AA025483493009E3DF1 /* ActionsListCell.swift in Sources */ = {isa = PBXBuildFile; fileRef = 31108A9F25483493009E3DF1 /* ActionsListCell.swift */; };
		311AEE3125D81BAA00E018FE /* SiriShortcut.swift in Sources */ = {isa = PBXBuildFile; fileRef = 311AEE3025D81BAA00E018FE /* SiriShortcut.swift */; };
		3124D088240F9996006EB1CA /* MorseCodeEditorViewController.swift in Sources */ = {isa = PBXBuildFile; fileRef = 3124D087240F9996006EB1CA /* MorseCodeEditorViewController.swift */; };
		313D2C2923D8E2D60089F051 /* ThreeDTouchView.swift in Sources */ = {isa = PBXBuildFile; fileRef = 313D2C2823D8E2D60089F051 /* ThreeDTouchView.swift */; };
		313DDB4A225B659A00BF65D4 /* EditingType.swift in Sources */ = {isa = PBXBuildFile; fileRef = 313DDB49225B659A00BF65D4 /* EditingType.swift */; };
		3141022725FA5FC30065B0EE /* WorkoutManager.swift in Sources */ = {isa = PBXBuildFile; fileRef = 3141022625FA5FC30065B0EE /* WorkoutManager.swift */; };
		3142C8A02495F32E00B1257B /* Settings.storyboard in Resources */ = {isa = PBXBuildFile; fileRef = 3142C89F2495F32E00B1257B /* Settings.storyboard */; };
		3142C8A52496384D00B1257B /* Dictionary.storyboard in Resources */ = {isa = PBXBuildFile; fileRef = 3142C8A42496384D00B1257B /* Dictionary.storyboard */; };
		3142C8A72496390700B1257B /* MCDictionaryDetailViewController.swift in Sources */ = {isa = PBXBuildFile; fileRef = 3142C8A62496390700B1257B /* MCDictionaryDetailViewController.swift */; };
		3142C8A92496694500B1257B /* MCDictionaryDetailController.swift in Sources */ = {isa = PBXBuildFile; fileRef = 3142C8A82496694500B1257B /* MCDictionaryDetailController.swift */; };
		315A776623EDBE9300FC75E3 /* TwoPeopleSettingsViewController.swift in Sources */ = {isa = PBXBuildFile; fileRef = 315A776523EDBE9300FC75E3 /* TwoPeopleSettingsViewController.swift */; };
		315BF11025D94CF600A315FC /* SiriShortcut.swift in Sources */ = {isa = PBXBuildFile; fileRef = 311AEE3025D81BAA00E018FE /* SiriShortcut.swift */; };
		3163718624B09026006E4F4E /* UIView.swift in Sources */ = {isa = PBXBuildFile; fileRef = 3163718524B09026006E4F4E /* UIView.swift */; };
		316BA194246D78F000869C89 /* UITextField.swift in Sources */ = {isa = PBXBuildFile; fileRef = 316BA193246D78F000869C89 /* UITextField.swift */; };
		3172732D247662FC003538F8 /* SettingsTableViewController.swift in Sources */ = {isa = PBXBuildFile; fileRef = 3172732C247662FC003538F8 /* SettingsTableViewController.swift */; };
		317340A2246DB60C00F75B1B /* Collection.swift in Sources */ = {isa = PBXBuildFile; fileRef = 317340A1246DB60C00F75B1B /* Collection.swift */; };
		317972292156AAA1006495E3 /* HelpTopicsTableViewController.swift in Sources */ = {isa = PBXBuildFile; fileRef = 317972282156AAA1006495E3 /* HelpTopicsTableViewController.swift */; };
		3179722B2156ABBC006495E3 /* HelpTopicViewController.swift in Sources */ = {isa = PBXBuildFile; fileRef = 3179722A2156ABBC006495E3 /* HelpTopicViewController.swift */; };
		3179722D2156B3C7006495E3 /* HelpTopicsTableViewCell.swift in Sources */ = {isa = PBXBuildFile; fileRef = 3179722C2156B3C7006495E3 /* HelpTopicsTableViewCell.swift */; };
		31798DFD217B9E66008CF9C7 /* NetworkManager.swift in Sources */ = {isa = PBXBuildFile; fileRef = 31798DFC217B9E66008CF9C7 /* NetworkManager.swift */; };
		31798E00217C61B5008CF9C7 /* GoogleService-Info.plist in Resources */ = {isa = PBXBuildFile; fileRef = 31798DFF217C61B5008CF9C7 /* GoogleService-Info.plist */; };
		31798E01217C61B5008CF9C7 /* GoogleService-Info.plist in Resources */ = {isa = PBXBuildFile; fileRef = 31798DFF217C61B5008CF9C7 /* GoogleService-Info.plist */; };
		31798E02217C61B5008CF9C7 /* GoogleService-Info.plist in Resources */ = {isa = PBXBuildFile; fileRef = 31798DFF217C61B5008CF9C7 /* GoogleService-Info.plist */; };
		31798E03217C61B5008CF9C7 /* GoogleService-Info.plist in Resources */ = {isa = PBXBuildFile; fileRef = 31798DFF217C61B5008CF9C7 /* GoogleService-Info.plist */; };
		317C71342540AFE200E6800B /* LibraryCustomActions.swift in Sources */ = {isa = PBXBuildFile; fileRef = 317C71332540AFE100E6800B /* LibraryCustomActions.swift */; };
		317C713B2540B03800E6800B /* LibraryCustomActions.swift in Sources */ = {isa = PBXBuildFile; fileRef = 317C71332540AFE100E6800B /* LibraryCustomActions.swift */; };
		317D4C05217EC76A0081B38B /* Interface.storyboard in Resources */ = {isa = PBXBuildFile; fileRef = 317D4C03217EC76A0081B38B /* Interface.storyboard */; };
		317D4C07217EC76C0081B38B /* Assets.xcassets in Resources */ = {isa = PBXBuildFile; fileRef = 317D4C06217EC76C0081B38B /* Assets.xcassets */; };
		317D4C0E217EC76C0081B38B /* Suno-Watch Extension.appex in Embed App Extensions */ = {isa = PBXBuildFile; fileRef = 317D4C0D217EC76C0081B38B /* Suno-Watch Extension.appex */; settings = {ATTRIBUTES = (RemoveHeadersOnCopy, ); }; };
		317D4C13217EC76C0081B38B /* InterfaceController.swift in Sources */ = {isa = PBXBuildFile; fileRef = 317D4C12217EC76C0081B38B /* InterfaceController.swift */; };
		317D4C15217EC76C0081B38B /* ExtensionDelegate.swift in Sources */ = {isa = PBXBuildFile; fileRef = 317D4C14217EC76C0081B38B /* ExtensionDelegate.swift */; };
		317D4C17217EC76D0081B38B /* Assets.xcassets in Resources */ = {isa = PBXBuildFile; fileRef = 317D4C16217EC76D0081B38B /* Assets.xcassets */; };
		317D4C1B217EC76D0081B38B /* SunoDayko.app in Embed Watch Content */ = {isa = PBXBuildFile; fileRef = 317D4C01217EC76A0081B38B /* SunoDayko.app */; };
		317D4C242188CCC50081B38B /* States.swift in Sources */ = {isa = PBXBuildFile; fileRef = 317D4C232188CCC50081B38B /* States.swift */; };
		317D4C262188CCF00081B38B /* Actions.swift in Sources */ = {isa = PBXBuildFile; fileRef = 317D4C252188CCF00081B38B /* Actions.swift */; };
		317F4419233D11AD00C34DD5 /* WhiteSpeechViewController.swift in Sources */ = {isa = PBXBuildFile; fileRef = 317F4418233D11AD00C34DD5 /* WhiteSpeechViewController.swift */; };
		31829CB724936D2B003C6153 /* MorseCodeUtils.swift in Sources */ = {isa = PBXBuildFile; fileRef = 31A855142422A63A0064B29C /* MorseCodeUtils.swift */; };
		31829CBB2493B671003C6153 /* ActionsMCViewController.swift in Sources */ = {isa = PBXBuildFile; fileRef = 31829CBA2493B671003C6153 /* ActionsMCViewController.swift */; };
		31829CBD2493B737003C6153 /* MorseCode.storyboard in Resources */ = {isa = PBXBuildFile; fileRef = 31829CBC2493B737003C6153 /* MorseCode.storyboard */; };
		31862B7D225E11650058883D /* ChatListItem.swift in Sources */ = {isa = PBXBuildFile; fileRef = 31862B7C225E11650058883D /* ChatListItem.swift */; };
		31862B7F226077950058883D /* EventOrigin.swift in Sources */ = {isa = PBXBuildFile; fileRef = 31862B7E226077950058883D /* EventOrigin.swift */; };
		3188A82F24789A080075B33E /* MainVision.storyboard in Resources */ = {isa = PBXBuildFile; fileRef = 3188A82D24789A080075B33E /* MainVision.storyboard */; };
		3188A83124789C2D0075B33E /* VisionMLViewController.swift in Sources */ = {isa = PBXBuildFile; fileRef = 3188A83024789C2D0075B33E /* VisionMLViewController.swift */; };
		3188A83524789CFD0075B33E /* BubbleLayer.swift in Sources */ = {isa = PBXBuildFile; fileRef = 3188A83324789CFD0075B33E /* BubbleLayer.swift */; };
		3188A83624789CFD0075B33E /* BubbleLabelLayer.swift in Sources */ = {isa = PBXBuildFile; fileRef = 3188A83424789CFD0075B33E /* BubbleLabelLayer.swift */; };
		3188A83824789FA00075B33E /* ShortcutListItem.swift in Sources */ = {isa = PBXBuildFile; fileRef = 3188A83724789FA00075B33E /* ShortcutListItem.swift */; };
		3188A83A2478A0EF0075B33E /* AdarshBlueBackpack.mlmodel in Sources */ = {isa = PBXBuildFile; fileRef = 3188A8392478A0EF0075B33E /* AdarshBlueBackpack.mlmodel */; };
		3193F411253F6E45004940AE /* MCReaderButtonsViewController.swift in Sources */ = {isa = PBXBuildFile; fileRef = 3193F410253F6E45004940AE /* MCReaderButtonsViewController.swift */; };
		319D524E2466897400CBB1EB /* HapticManager.swift in Sources */ = {isa = PBXBuildFile; fileRef = 319D524D2466897400CBB1EB /* HapticManager.swift */; };
		31A67B7F235CA87300F506BD /* FAQInterfaceController.swift in Sources */ = {isa = PBXBuildFile; fileRef = 31A67B7E235CA87300F506BD /* FAQInterfaceController.swift */; };
		31A67B81235CAC6600F506BD /* FAQRowController.swift in Sources */ = {isa = PBXBuildFile; fileRef = 31A67B80235CAC6600F506BD /* FAQRowController.swift */; };
		31A67B83235CB55800F506BD /* FAQCell.swift in Sources */ = {isa = PBXBuildFile; fileRef = 31A67B82235CB55800F506BD /* FAQCell.swift */; };
		31B5A84523435B6400196E96 /* MCDictionaryInterfaceController.swift in Sources */ = {isa = PBXBuildFile; fileRef = 31B5A84423435B6400196E96 /* MCDictionaryInterfaceController.swift */; };
		31B5A84723435F8300196E96 /* MorseCodeCell.swift in Sources */ = {isa = PBXBuildFile; fileRef = 31B5A84623435F8300196E96 /* MorseCodeCell.swift */; };
		31B61BBC2532F86F00237602 /* ActionsList.storyboard in Resources */ = {isa = PBXBuildFile; fileRef = 31B61BBB2532F86F00237602 /* ActionsList.storyboard */; };
		31B61BBE253317C200237602 /* ActionsTableViewController.swift in Sources */ = {isa = PBXBuildFile; fileRef = 31B61BBD253317C200237602 /* ActionsTableViewController.swift */; };
		31B61BC3253354F300237602 /* ActionsList.storyboard in Resources */ = {isa = PBXBuildFile; fileRef = 31B61BC2253354F300237602 /* ActionsList.storyboard */; };
		31B61BC5253369AE00237602 /* ActionsListController.swift in Sources */ = {isa = PBXBuildFile; fileRef = 31B61BC4253369AE00237602 /* ActionsListController.swift */; };
		31B61BC725336C6C00237602 /* ActionsCell.swift in Sources */ = {isa = PBXBuildFile; fileRef = 31B61BC625336C6C00237602 /* ActionsCell.swift */; };
		31B61BC925336CB700237602 /* ActionsListRowController.swift in Sources */ = {isa = PBXBuildFile; fileRef = 31B61BC825336CB700237602 /* ActionsListRowController.swift */; };
		31BC65192469324100D5D801 /* MCDictionaryTableViewController.swift in Sources */ = {isa = PBXBuildFile; fileRef = 31BC65182469324100D5D801 /* MCDictionaryTableViewController.swift */; };
		31BC651D24697FDD00D5D801 /* MCDictionaryCell.swift in Sources */ = {isa = PBXBuildFile; fileRef = 31BC651C24697FDD00D5D801 /* MCDictionaryCell.swift */; };
		31BC651E2469872D00D5D801 /* MorseCodeCell.swift in Sources */ = {isa = PBXBuildFile; fileRef = 31B5A84623435F8300196E96 /* MorseCodeCell.swift */; };
		31CAE3F7225CCB57001F9E3C /* ConversationTableViewCell.swift in Sources */ = {isa = PBXBuildFile; fileRef = 31CAE3F6225CCB57001F9E3C /* ConversationTableViewCell.swift */; };
		31CE81B0233FAEAD005DC2B6 /* MCInterfaceController.swift in Sources */ = {isa = PBXBuildFile; fileRef = 31CE81AF233FAEAD005DC2B6 /* MCInterfaceController.swift */; };
		31D3AF16241A28E9006F0609 /* MorseCode.swift in Sources */ = {isa = PBXBuildFile; fileRef = 31EC882523467A600088051C /* MorseCode.swift */; };
		31D3AF17241A2923006F0609 /* MCTreeNode.swift in Sources */ = {isa = PBXBuildFile; fileRef = 31EC882723467AD50088051C /* MCTreeNode.swift */; };
		31D97F9C23BA7936000CFCF2 /* SettingDBController.swift in Sources */ = {isa = PBXBuildFile; fileRef = 31D97F9B23BA7936000CFCF2 /* SettingDBController.swift */; };
		31E5344323DEB01600F163B1 /* UserProfileTableViewController.swift in Sources */ = {isa = PBXBuildFile; fileRef = 31E5344223DEB01600F163B1 /* UserProfileTableViewController.swift */; };
		31EC882623467A600088051C /* MorseCode.swift in Sources */ = {isa = PBXBuildFile; fileRef = 31EC882523467A600088051C /* MorseCode.swift */; };
		31EC882823467AD50088051C /* MCTreeNode.swift in Sources */ = {isa = PBXBuildFile; fileRef = 31EC882723467AD50088051C /* MCTreeNode.swift */; };
		31F57B4B211A137000777EA3 /* SpeechViewController.swift in Sources */ = {isa = PBXBuildFile; fileRef = 31F57B4A211A137000777EA3 /* SpeechViewController.swift */; };
		31F57B53211A14D100777EA3 /* AppDelegate.swift in Sources */ = {isa = PBXBuildFile; fileRef = 31F57B52211A14D100777EA3 /* AppDelegate.swift */; };
		31F57B55211A14D100777EA3 /* SpeechMacViewController.swift in Sources */ = {isa = PBXBuildFile; fileRef = 31F57B54211A14D100777EA3 /* SpeechMacViewController.swift */; };
		31F57B57211A14D300777EA3 /* Assets.xcassets in Resources */ = {isa = PBXBuildFile; fileRef = 31F57B56211A14D300777EA3 /* Assets.xcassets */; };
		31F57B5A211A14D300777EA3 /* Main.storyboard in Resources */ = {isa = PBXBuildFile; fileRef = 31F57B58211A14D300777EA3 /* Main.storyboard */; };
		31F57B66211A14D300777EA3 /* MacAppTests.swift in Sources */ = {isa = PBXBuildFile; fileRef = 31F57B65211A14D300777EA3 /* MacAppTests.swift */; };
		31F57B71211A14D300777EA3 /* MacAppUITests.swift in Sources */ = {isa = PBXBuildFile; fileRef = 31F57B70211A14D300777EA3 /* MacAppUITests.swift */; };
		5EBF65121F0AA47700BCD353 /* AppDelegate.swift in Sources */ = {isa = PBXBuildFile; fileRef = 5EBF65111F0AA47700BCD353 /* AppDelegate.swift */; };
		5EBF65171F0AA47700BCD353 /* Main.storyboard in Resources */ = {isa = PBXBuildFile; fileRef = 5EBF65151F0AA47700BCD353 /* Main.storyboard */; };
		5EBF65191F0AA47700BCD353 /* Assets.xcassets in Resources */ = {isa = PBXBuildFile; fileRef = 5EBF65181F0AA47700BCD353 /* Assets.xcassets */; };
		5EBF651C1F0AA47700BCD353 /* LaunchScreen.storyboard in Resources */ = {isa = PBXBuildFile; fileRef = 5EBF651A1F0AA47700BCD353 /* LaunchScreen.storyboard */; };
		84054D1218A151615B85E1A0 /* Pods_Suno_Mac.framework in Frameworks */ = {isa = PBXBuildFile; fileRef = DD2D6E2825DA333FE102C056 /* Pods_Suno_Mac.framework */; };
/* End PBXBuildFile section */

/* Begin PBXContainerItemProxy section */
		317D4C0F217EC76C0081B38B /* PBXContainerItemProxy */ = {
			isa = PBXContainerItemProxy;
			containerPortal = 5EBF65061F0AA47700BCD353 /* Project object */;
			proxyType = 1;
			remoteGlobalIDString = 317D4C0C217EC76C0081B38B;
			remoteInfo = "Suno-Watch Extension";
		};
		317D4C19217EC76D0081B38B /* PBXContainerItemProxy */ = {
			isa = PBXContainerItemProxy;
			containerPortal = 5EBF65061F0AA47700BCD353 /* Project object */;
			proxyType = 1;
			remoteGlobalIDString = 317D4C00217EC76A0081B38B;
			remoteInfo = "Suno-Watch";
		};
		31F57B62211A14D300777EA3 /* PBXContainerItemProxy */ = {
			isa = PBXContainerItemProxy;
			containerPortal = 5EBF65061F0AA47700BCD353 /* Project object */;
			proxyType = 1;
			remoteGlobalIDString = 31F57B4F211A14D100777EA3;
			remoteInfo = MacApp;
		};
		31F57B6D211A14D300777EA3 /* PBXContainerItemProxy */ = {
			isa = PBXContainerItemProxy;
			containerPortal = 5EBF65061F0AA47700BCD353 /* Project object */;
			proxyType = 1;
			remoteGlobalIDString = 31F57B4F211A14D100777EA3;
			remoteInfo = MacApp;
		};
/* End PBXContainerItemProxy section */

/* Begin PBXCopyFilesBuildPhase section */
		317D4C21217EC76D0081B38B /* Embed App Extensions */ = {
			isa = PBXCopyFilesBuildPhase;
			buildActionMask = 2147483647;
			dstPath = "";
			dstSubfolderSpec = 13;
			files = (
				317D4C0E217EC76C0081B38B /* Suno-Watch Extension.appex in Embed App Extensions */,
			);
			name = "Embed App Extensions";
			runOnlyForDeploymentPostprocessing = 0;
		};
		31EED00F211B65330099066C /* Embed Watch Content */ = {
			isa = PBXCopyFilesBuildPhase;
			buildActionMask = 2147483647;
			dstPath = "$(CONTENTS_FOLDER_PATH)/Watch";
			dstSubfolderSpec = 16;
			files = (
				317D4C1B217EC76D0081B38B /* SunoDayko.app in Embed Watch Content */,
			);
			name = "Embed Watch Content";
			runOnlyForDeploymentPostprocessing = 0;
		};
/* End PBXCopyFilesBuildPhase section */

/* Begin PBXFileReference section */
		00A518D03A10503E18B775E7 /* Pods-Suno.release.xcconfig */ = {isa = PBXFileReference; includeInIndex = 1; lastKnownFileType = text.xcconfig; name = "Pods-Suno.release.xcconfig"; path = "Pods/Target Support Files/Pods-Suno/Pods-Suno.release.xcconfig"; sourceTree = "<group>"; };
		310AEECD2344AEF400B11D44 /* MCDictionaryRowController.swift */ = {isa = PBXFileReference; lastKnownFileType = sourcecode.swift; path = MCDictionaryRowController.swift; sourceTree = "<group>"; };
		310CE55F25F92FEC00C948DB /* HRCalculatorController.swift */ = {isa = PBXFileReference; lastKnownFileType = sourcecode.swift; path = HRCalculatorController.swift; sourceTree = "<group>"; };
		310CE56725F9FE1D00C948DB /* Suno-Watch Extension.entitlements */ = {isa = PBXFileReference; lastKnownFileType = text.plist.entitlements; path = "Suno-Watch Extension.entitlements"; sourceTree = "<group>"; };
		310CE56825F9FE1D00C948DB /* HealthKit.framework */ = {isa = PBXFileReference; lastKnownFileType = wrapper.framework; name = HealthKit.framework; path = Platforms/WatchOS.platform/Developer/SDKs/WatchOS7.2.sdk/System/Library/Frameworks/HealthKit.framework; sourceTree = DEVELOPER_DIR; };
		310CE57125FA052100C948DB /* WorkoutTracking.swift */ = {isa = PBXFileReference; lastKnownFileType = sourcecode.swift; path = WorkoutTracking.swift; sourceTree = "<group>"; };
		310D954F24B1C0BF00936A27 /* UIFont.swift */ = {isa = PBXFileReference; lastKnownFileType = sourcecode.swift; path = UIFont.swift; sourceTree = "<group>"; };
		31108A9F25483493009E3DF1 /* ActionsListCell.swift */ = {isa = PBXFileReference; lastKnownFileType = sourcecode.swift; path = ActionsListCell.swift; sourceTree = "<group>"; };
		311AEE3025D81BAA00E018FE /* SiriShortcut.swift */ = {isa = PBXFileReference; lastKnownFileType = sourcecode.swift; path = SiriShortcut.swift; sourceTree = "<group>"; };
		3124D087240F9996006EB1CA /* MorseCodeEditorViewController.swift */ = {isa = PBXFileReference; lastKnownFileType = sourcecode.swift; path = MorseCodeEditorViewController.swift; sourceTree = "<group>"; };
		313D2C2823D8E2D60089F051 /* ThreeDTouchView.swift */ = {isa = PBXFileReference; lastKnownFileType = sourcecode.swift; path = ThreeDTouchView.swift; sourceTree = "<group>"; };
		313DDB49225B659A00BF65D4 /* EditingType.swift */ = {isa = PBXFileReference; lastKnownFileType = sourcecode.swift; path = EditingType.swift; sourceTree = "<group>"; };
		3141022625FA5FC30065B0EE /* WorkoutManager.swift */ = {isa = PBXFileReference; lastKnownFileType = sourcecode.swift; path = WorkoutManager.swift; sourceTree = "<group>"; };
		3142C89F2495F32E00B1257B /* Settings.storyboard */ = {isa = PBXFileReference; fileEncoding = 4; lastKnownFileType = file.storyboard; path = Settings.storyboard; sourceTree = "<group>"; };
		3142C8A42496384D00B1257B /* Dictionary.storyboard */ = {isa = PBXFileReference; fileEncoding = 4; lastKnownFileType = file.storyboard; path = Dictionary.storyboard; sourceTree = "<group>"; };
		3142C8A62496390700B1257B /* MCDictionaryDetailViewController.swift */ = {isa = PBXFileReference; lastKnownFileType = sourcecode.swift; path = MCDictionaryDetailViewController.swift; sourceTree = "<group>"; };
		3142C8A82496694500B1257B /* MCDictionaryDetailController.swift */ = {isa = PBXFileReference; lastKnownFileType = sourcecode.swift; path = MCDictionaryDetailController.swift; sourceTree = "<group>"; };
		315A776523EDBE9300FC75E3 /* TwoPeopleSettingsViewController.swift */ = {isa = PBXFileReference; fileEncoding = 4; lastKnownFileType = sourcecode.swift; path = TwoPeopleSettingsViewController.swift; sourceTree = "<group>"; };
		3163718524B09026006E4F4E /* UIView.swift */ = {isa = PBXFileReference; lastKnownFileType = sourcecode.swift; path = UIView.swift; sourceTree = "<group>"; };
		316BA193246D78F000869C89 /* UITextField.swift */ = {isa = PBXFileReference; lastKnownFileType = sourcecode.swift; path = UITextField.swift; sourceTree = "<group>"; };
		3172732C247662FC003538F8 /* SettingsTableViewController.swift */ = {isa = PBXFileReference; lastKnownFileType = sourcecode.swift; path = SettingsTableViewController.swift; sourceTree = "<group>"; };
		317340A1246DB60C00F75B1B /* Collection.swift */ = {isa = PBXFileReference; lastKnownFileType = sourcecode.swift; path = Collection.swift; sourceTree = "<group>"; };
		317972282156AAA1006495E3 /* HelpTopicsTableViewController.swift */ = {isa = PBXFileReference; lastKnownFileType = sourcecode.swift; path = HelpTopicsTableViewController.swift; sourceTree = "<group>"; };
		3179722A2156ABBC006495E3 /* HelpTopicViewController.swift */ = {isa = PBXFileReference; lastKnownFileType = sourcecode.swift; path = HelpTopicViewController.swift; sourceTree = "<group>"; };
		3179722C2156B3C7006495E3 /* HelpTopicsTableViewCell.swift */ = {isa = PBXFileReference; lastKnownFileType = sourcecode.swift; path = HelpTopicsTableViewCell.swift; sourceTree = "<group>"; };
		31798DFC217B9E66008CF9C7 /* NetworkManager.swift */ = {isa = PBXFileReference; lastKnownFileType = sourcecode.swift; path = NetworkManager.swift; sourceTree = "<group>"; };
		31798DFF217C61B5008CF9C7 /* GoogleService-Info.plist */ = {isa = PBXFileReference; fileEncoding = 4; lastKnownFileType = text.plist.xml; path = "GoogleService-Info.plist"; sourceTree = "<group>"; };
		317C71332540AFE100E6800B /* LibraryCustomActions.swift */ = {isa = PBXFileReference; lastKnownFileType = sourcecode.swift; path = LibraryCustomActions.swift; sourceTree = "<group>"; };
		317D4C01217EC76A0081B38B /* SunoDayko.app */ = {isa = PBXFileReference; explicitFileType = wrapper.application; includeInIndex = 0; path = SunoDayko.app; sourceTree = BUILT_PRODUCTS_DIR; };
		317D4C04217EC76A0081B38B /* Base */ = {isa = PBXFileReference; lastKnownFileType = file.storyboard; name = Base; path = Base.lproj/Interface.storyboard; sourceTree = "<group>"; };
		317D4C06217EC76C0081B38B /* Assets.xcassets */ = {isa = PBXFileReference; lastKnownFileType = folder.assetcatalog; path = Assets.xcassets; sourceTree = "<group>"; };
		317D4C08217EC76C0081B38B /* Info.plist */ = {isa = PBXFileReference; lastKnownFileType = text.plist.xml; path = Info.plist; sourceTree = "<group>"; };
		317D4C0D217EC76C0081B38B /* Suno-Watch Extension.appex */ = {isa = PBXFileReference; explicitFileType = "wrapper.app-extension"; includeInIndex = 0; path = "Suno-Watch Extension.appex"; sourceTree = BUILT_PRODUCTS_DIR; };
		317D4C12217EC76C0081B38B /* InterfaceController.swift */ = {isa = PBXFileReference; lastKnownFileType = sourcecode.swift; path = InterfaceController.swift; sourceTree = "<group>"; };
		317D4C14217EC76C0081B38B /* ExtensionDelegate.swift */ = {isa = PBXFileReference; lastKnownFileType = sourcecode.swift; path = ExtensionDelegate.swift; sourceTree = "<group>"; };
		317D4C16217EC76D0081B38B /* Assets.xcassets */ = {isa = PBXFileReference; lastKnownFileType = folder.assetcatalog; path = Assets.xcassets; sourceTree = "<group>"; };
		317D4C18217EC76D0081B38B /* Info.plist */ = {isa = PBXFileReference; lastKnownFileType = text.plist.xml; path = Info.plist; sourceTree = "<group>"; };
		317D4C232188CCC50081B38B /* States.swift */ = {isa = PBXFileReference; lastKnownFileType = sourcecode.swift; path = States.swift; sourceTree = "<group>"; };
		317D4C252188CCF00081B38B /* Actions.swift */ = {isa = PBXFileReference; lastKnownFileType = sourcecode.swift; path = Actions.swift; sourceTree = "<group>"; };
		317F4418233D11AD00C34DD5 /* WhiteSpeechViewController.swift */ = {isa = PBXFileReference; fileEncoding = 4; lastKnownFileType = sourcecode.swift; path = WhiteSpeechViewController.swift; sourceTree = "<group>"; };
		31829CBA2493B671003C6153 /* ActionsMCViewController.swift */ = {isa = PBXFileReference; lastKnownFileType = sourcecode.swift; path = ActionsMCViewController.swift; sourceTree = "<group>"; };
		31829CBC2493B737003C6153 /* MorseCode.storyboard */ = {isa = PBXFileReference; fileEncoding = 4; lastKnownFileType = file.storyboard; path = MorseCode.storyboard; sourceTree = "<group>"; };
		31862B7C225E11650058883D /* ChatListItem.swift */ = {isa = PBXFileReference; lastKnownFileType = sourcecode.swift; path = ChatListItem.swift; sourceTree = "<group>"; };
		31862B7E226077950058883D /* EventOrigin.swift */ = {isa = PBXFileReference; lastKnownFileType = sourcecode.swift; path = EventOrigin.swift; sourceTree = "<group>"; };
		3188A82E24789A080075B33E /* Base */ = {isa = PBXFileReference; lastKnownFileType = file.storyboard; name = Base; path = Base.lproj/MainVision.storyboard; sourceTree = "<group>"; };
		3188A83024789C2D0075B33E /* VisionMLViewController.swift */ = {isa = PBXFileReference; fileEncoding = 4; lastKnownFileType = sourcecode.swift; path = VisionMLViewController.swift; sourceTree = "<group>"; };
		3188A83324789CFD0075B33E /* BubbleLayer.swift */ = {isa = PBXFileReference; fileEncoding = 4; lastKnownFileType = sourcecode.swift; path = BubbleLayer.swift; sourceTree = "<group>"; };
		3188A83424789CFD0075B33E /* BubbleLabelLayer.swift */ = {isa = PBXFileReference; fileEncoding = 4; lastKnownFileType = sourcecode.swift; path = BubbleLabelLayer.swift; sourceTree = "<group>"; };
		3188A83724789FA00075B33E /* ShortcutListItem.swift */ = {isa = PBXFileReference; fileEncoding = 4; lastKnownFileType = sourcecode.swift; path = ShortcutListItem.swift; sourceTree = "<group>"; };
		3188A8392478A0EF0075B33E /* AdarshBlueBackpack.mlmodel */ = {isa = PBXFileReference; lastKnownFileType = file.mlmodel; path = AdarshBlueBackpack.mlmodel; sourceTree = "<group>"; };
		3193F410253F6E45004940AE /* MCReaderButtonsViewController.swift */ = {isa = PBXFileReference; lastKnownFileType = sourcecode.swift; path = MCReaderButtonsViewController.swift; sourceTree = "<group>"; };
		319D524D2466897400CBB1EB /* HapticManager.swift */ = {isa = PBXFileReference; lastKnownFileType = sourcecode.swift; path = HapticManager.swift; sourceTree = "<group>"; };
		31A67B7E235CA87300F506BD /* FAQInterfaceController.swift */ = {isa = PBXFileReference; lastKnownFileType = sourcecode.swift; path = FAQInterfaceController.swift; sourceTree = "<group>"; };
		31A67B80235CAC6600F506BD /* FAQRowController.swift */ = {isa = PBXFileReference; lastKnownFileType = sourcecode.swift; path = FAQRowController.swift; sourceTree = "<group>"; };
		31A67B82235CB55800F506BD /* FAQCell.swift */ = {isa = PBXFileReference; lastKnownFileType = sourcecode.swift; path = FAQCell.swift; sourceTree = "<group>"; };
		31A855142422A63A0064B29C /* MorseCodeUtils.swift */ = {isa = PBXFileReference; lastKnownFileType = sourcecode.swift; path = MorseCodeUtils.swift; sourceTree = "<group>"; };
		31B5A84423435B6400196E96 /* MCDictionaryInterfaceController.swift */ = {isa = PBXFileReference; lastKnownFileType = sourcecode.swift; path = MCDictionaryInterfaceController.swift; sourceTree = "<group>"; };
		31B5A84623435F8300196E96 /* MorseCodeCell.swift */ = {isa = PBXFileReference; lastKnownFileType = sourcecode.swift; path = MorseCodeCell.swift; sourceTree = "<group>"; };
		31B61BBB2532F86F00237602 /* ActionsList.storyboard */ = {isa = PBXFileReference; lastKnownFileType = file.storyboard; path = ActionsList.storyboard; sourceTree = "<group>"; };
		31B61BBD253317C200237602 /* ActionsTableViewController.swift */ = {isa = PBXFileReference; lastKnownFileType = sourcecode.swift; path = ActionsTableViewController.swift; sourceTree = "<group>"; };
		31B61BC2253354F300237602 /* ActionsList.storyboard */ = {isa = PBXFileReference; lastKnownFileType = file.storyboard; path = ActionsList.storyboard; sourceTree = "<group>"; };
		31B61BC4253369AE00237602 /* ActionsListController.swift */ = {isa = PBXFileReference; lastKnownFileType = sourcecode.swift; path = ActionsListController.swift; sourceTree = "<group>"; };
		31B61BC625336C6C00237602 /* ActionsCell.swift */ = {isa = PBXFileReference; lastKnownFileType = sourcecode.swift; path = ActionsCell.swift; sourceTree = "<group>"; };
		31B61BC825336CB700237602 /* ActionsListRowController.swift */ = {isa = PBXFileReference; lastKnownFileType = sourcecode.swift; path = ActionsListRowController.swift; sourceTree = "<group>"; };
		31BC65182469324100D5D801 /* MCDictionaryTableViewController.swift */ = {isa = PBXFileReference; lastKnownFileType = sourcecode.swift; path = MCDictionaryTableViewController.swift; sourceTree = "<group>"; };
		31BC651C24697FDD00D5D801 /* MCDictionaryCell.swift */ = {isa = PBXFileReference; lastKnownFileType = sourcecode.swift; path = MCDictionaryCell.swift; sourceTree = "<group>"; };
		31CAE3F6225CCB57001F9E3C /* ConversationTableViewCell.swift */ = {isa = PBXFileReference; lastKnownFileType = sourcecode.swift; path = ConversationTableViewCell.swift; sourceTree = "<group>"; };
		31CE81AF233FAEAD005DC2B6 /* MCInterfaceController.swift */ = {isa = PBXFileReference; lastKnownFileType = sourcecode.swift; path = MCInterfaceController.swift; sourceTree = "<group>"; };
		31D97F9B23BA7936000CFCF2 /* SettingDBController.swift */ = {isa = PBXFileReference; lastKnownFileType = sourcecode.swift; path = SettingDBController.swift; sourceTree = "<group>"; };
		31E5344223DEB01600F163B1 /* UserProfileTableViewController.swift */ = {isa = PBXFileReference; lastKnownFileType = sourcecode.swift; path = UserProfileTableViewController.swift; sourceTree = "<group>"; };
		31EC882523467A600088051C /* MorseCode.swift */ = {isa = PBXFileReference; lastKnownFileType = sourcecode.swift; path = MorseCode.swift; sourceTree = "<group>"; };
		31EC882723467AD50088051C /* MCTreeNode.swift */ = {isa = PBXFileReference; lastKnownFileType = sourcecode.swift; path = MCTreeNode.swift; sourceTree = "<group>"; };
		31EED010211CBA740099066C /* Suno.entitlements */ = {isa = PBXFileReference; lastKnownFileType = text.plist.entitlements; path = Suno.entitlements; sourceTree = "<group>"; };
		31F57B4A211A137000777EA3 /* SpeechViewController.swift */ = {isa = PBXFileReference; fileEncoding = 4; lastKnownFileType = sourcecode.swift; path = SpeechViewController.swift; sourceTree = "<group>"; };
		31F57B50211A14D100777EA3 /* Suno-Mac.app */ = {isa = PBXFileReference; explicitFileType = wrapper.application; includeInIndex = 0; path = "Suno-Mac.app"; sourceTree = BUILT_PRODUCTS_DIR; };
		31F57B52211A14D100777EA3 /* AppDelegate.swift */ = {isa = PBXFileReference; lastKnownFileType = sourcecode.swift; path = AppDelegate.swift; sourceTree = "<group>"; };
		31F57B54211A14D100777EA3 /* SpeechMacViewController.swift */ = {isa = PBXFileReference; lastKnownFileType = sourcecode.swift; path = SpeechMacViewController.swift; sourceTree = "<group>"; };
		31F57B56211A14D300777EA3 /* Assets.xcassets */ = {isa = PBXFileReference; lastKnownFileType = folder.assetcatalog; path = Assets.xcassets; sourceTree = "<group>"; };
		31F57B59211A14D300777EA3 /* Base */ = {isa = PBXFileReference; lastKnownFileType = file.storyboard; name = Base; path = Base.lproj/Main.storyboard; sourceTree = "<group>"; };
		31F57B5B211A14D300777EA3 /* Info.plist */ = {isa = PBXFileReference; lastKnownFileType = text.plist.xml; path = Info.plist; sourceTree = "<group>"; };
		31F57B5C211A14D300777EA3 /* MacApp.entitlements */ = {isa = PBXFileReference; lastKnownFileType = text.plist.entitlements; path = MacApp.entitlements; sourceTree = "<group>"; };
		31F57B61211A14D300777EA3 /* MacAppTests.xctest */ = {isa = PBXFileReference; explicitFileType = wrapper.cfbundle; includeInIndex = 0; path = MacAppTests.xctest; sourceTree = BUILT_PRODUCTS_DIR; };
		31F57B65211A14D300777EA3 /* MacAppTests.swift */ = {isa = PBXFileReference; lastKnownFileType = sourcecode.swift; path = MacAppTests.swift; sourceTree = "<group>"; };
		31F57B67211A14D300777EA3 /* Info.plist */ = {isa = PBXFileReference; lastKnownFileType = text.plist.xml; path = Info.plist; sourceTree = "<group>"; };
		31F57B6C211A14D300777EA3 /* MacAppUITests.xctest */ = {isa = PBXFileReference; explicitFileType = wrapper.cfbundle; includeInIndex = 0; path = MacAppUITests.xctest; sourceTree = BUILT_PRODUCTS_DIR; };
		31F57B70211A14D300777EA3 /* MacAppUITests.swift */ = {isa = PBXFileReference; lastKnownFileType = sourcecode.swift; path = MacAppUITests.swift; sourceTree = "<group>"; };
		31F57B72211A14D300777EA3 /* Info.plist */ = {isa = PBXFileReference; lastKnownFileType = text.plist.xml; path = Info.plist; sourceTree = "<group>"; };
		3C8A668BA37BAC8691CCD5D4 /* Pods-Suno-Mac.release.xcconfig */ = {isa = PBXFileReference; includeInIndex = 1; lastKnownFileType = text.xcconfig; name = "Pods-Suno-Mac.release.xcconfig"; path = "Pods/Target Support Files/Pods-Suno-Mac/Pods-Suno-Mac.release.xcconfig"; sourceTree = "<group>"; };
		5EBF650E1F0AA47700BCD353 /* SunoDayko.app */ = {isa = PBXFileReference; explicitFileType = wrapper.application; includeInIndex = 0; path = SunoDayko.app; sourceTree = BUILT_PRODUCTS_DIR; };
		5EBF65111F0AA47700BCD353 /* AppDelegate.swift */ = {isa = PBXFileReference; lastKnownFileType = sourcecode.swift; path = AppDelegate.swift; sourceTree = "<group>"; };
		5EBF65161F0AA47700BCD353 /* Base */ = {isa = PBXFileReference; lastKnownFileType = file.storyboard; name = Base; path = Base.lproj/Main.storyboard; sourceTree = "<group>"; };
		5EBF65181F0AA47700BCD353 /* Assets.xcassets */ = {isa = PBXFileReference; lastKnownFileType = folder.assetcatalog; path = Assets.xcassets; sourceTree = "<group>"; };
		5EBF651B1F0AA47700BCD353 /* Base */ = {isa = PBXFileReference; lastKnownFileType = file.storyboard; name = Base; path = Base.lproj/LaunchScreen.storyboard; sourceTree = "<group>"; };
		5EBF651D1F0AA47700BCD353 /* Info.plist */ = {isa = PBXFileReference; lastKnownFileType = text.plist.xml; path = Info.plist; sourceTree = "<group>"; };
		7FADC355228EAF265EC43166 /* Pods-Suno.debug.xcconfig */ = {isa = PBXFileReference; includeInIndex = 1; lastKnownFileType = text.xcconfig; name = "Pods-Suno.debug.xcconfig"; path = "Pods/Target Support Files/Pods-Suno/Pods-Suno.debug.xcconfig"; sourceTree = "<group>"; };
		CF42970A7DC6B0BA75E3F01F /* Pods_Suno.framework */ = {isa = PBXFileReference; explicitFileType = wrapper.framework; includeInIndex = 0; path = Pods_Suno.framework; sourceTree = BUILT_PRODUCTS_DIR; };
		DD2D6E2825DA333FE102C056 /* Pods_Suno_Mac.framework */ = {isa = PBXFileReference; explicitFileType = wrapper.framework; includeInIndex = 0; path = Pods_Suno_Mac.framework; sourceTree = BUILT_PRODUCTS_DIR; };
		F77037D3310DFFE5F32959EE /* Pods-Suno-Mac.debug.xcconfig */ = {isa = PBXFileReference; includeInIndex = 1; lastKnownFileType = text.xcconfig; name = "Pods-Suno-Mac.debug.xcconfig"; path = "Pods/Target Support Files/Pods-Suno-Mac/Pods-Suno-Mac.debug.xcconfig"; sourceTree = "<group>"; };
/* End PBXFileReference section */

/* Begin PBXFrameworksBuildPhase section */
		138E05E6C0EF36EFF400E994 /* Frameworks */ = {
			isa = PBXFrameworksBuildPhase;
			buildActionMask = 2147483647;
			files = (
			);
			runOnlyForDeploymentPostprocessing = 0;
		};
		317D4C0A217EC76C0081B38B /* Frameworks */ = {
			isa = PBXFrameworksBuildPhase;
			buildActionMask = 2147483647;
			files = (
				310CE56925F9FE1D00C948DB /* HealthKit.framework in Frameworks */,
			);
			runOnlyForDeploymentPostprocessing = 0;
		};
		31F57B4D211A14D100777EA3 /* Frameworks */ = {
			isa = PBXFrameworksBuildPhase;
			buildActionMask = 2147483647;
			files = (
				84054D1218A151615B85E1A0 /* Pods_Suno_Mac.framework in Frameworks */,
			);
			runOnlyForDeploymentPostprocessing = 0;
		};
		31F57B5E211A14D300777EA3 /* Frameworks */ = {
			isa = PBXFrameworksBuildPhase;
			buildActionMask = 2147483647;
			files = (
			);
			runOnlyForDeploymentPostprocessing = 0;
		};
		31F57B69211A14D300777EA3 /* Frameworks */ = {
			isa = PBXFrameworksBuildPhase;
			buildActionMask = 2147483647;
			files = (
			);
			runOnlyForDeploymentPostprocessing = 0;
		};
		5EBF650B1F0AA47700BCD353 /* Frameworks */ = {
			isa = PBXFrameworksBuildPhase;
			buildActionMask = 2147483647;
			files = (
				22D2C163A464B8AA5B31A8D1 /* Pods_Suno.framework in Frameworks */,
			);
			runOnlyForDeploymentPostprocessing = 0;
		};
/* End PBXFrameworksBuildPhase section */

/* Begin PBXGroup section */
		310CE57025FA04B500C948DB /* Health */ = {
			isa = PBXGroup;
			children = (
				310CE55F25F92FEC00C948DB /* HRCalculatorController.swift */,
				310CE57125FA052100C948DB /* WorkoutTracking.swift */,
				3141022625FA5FC30065B0EE /* WorkoutManager.swift */,
			);
			path = Health;
			sourceTree = "<group>";
		};
		3142C89E2495F32100B1257B /* Settings */ = {
			isa = PBXGroup;
			children = (
				3172732C247662FC003538F8 /* SettingsTableViewController.swift */,
				3142C89F2495F32E00B1257B /* Settings.storyboard */,
			);
			path = Settings;
			sourceTree = "<group>";
		};
		3142C8A12496373100B1257B /* Dictionary */ = {
			isa = PBXGroup;
			children = (
				3142C8A42496384D00B1257B /* Dictionary.storyboard */,
				31BC65182469324100D5D801 /* MCDictionaryTableViewController.swift */,
				31BC651C24697FDD00D5D801 /* MCDictionaryCell.swift */,
				3142C8A62496390700B1257B /* MCDictionaryDetailViewController.swift */,
			);
			path = Dictionary;
			sourceTree = "<group>";
		};
		3179722E21578148006495E3 /* Frameworks */ = {
			isa = PBXGroup;
			children = (
				310CE56825F9FE1D00C948DB /* HealthKit.framework */,
				CF42970A7DC6B0BA75E3F01F /* Pods_Suno.framework */,
				DD2D6E2825DA333FE102C056 /* Pods_Suno_Mac.framework */,
			);
			name = Frameworks;
			sourceTree = "<group>";
		};
		317D4C02217EC76A0081B38B /* Suno-Watch */ = {
			isa = PBXGroup;
			children = (
				317D4C03217EC76A0081B38B /* Interface.storyboard */,
				317D4C06217EC76C0081B38B /* Assets.xcassets */,
				317D4C08217EC76C0081B38B /* Info.plist */,
				31B61BC2253354F300237602 /* ActionsList.storyboard */,
			);
			path = "Suno-Watch";
			sourceTree = "<group>";
		};
		317D4C11217EC76C0081B38B /* Suno-Watch Extension */ = {
			isa = PBXGroup;
			children = (
				310CE57025FA04B500C948DB /* Health */,
				310CE56725F9FE1D00C948DB /* Suno-Watch Extension.entitlements */,
				317D4C12217EC76C0081B38B /* InterfaceController.swift */,
				317D4C14217EC76C0081B38B /* ExtensionDelegate.swift */,
				317D4C16217EC76D0081B38B /* Assets.xcassets */,
				317D4C18217EC76D0081B38B /* Info.plist */,
				31CE81AF233FAEAD005DC2B6 /* MCInterfaceController.swift */,
				31B5A84423435B6400196E96 /* MCDictionaryInterfaceController.swift */,
				31B5A84623435F8300196E96 /* MorseCodeCell.swift */,
				310AEECD2344AEF400B11D44 /* MCDictionaryRowController.swift */,
				31EC882523467A600088051C /* MorseCode.swift */,
				31EC882723467AD50088051C /* MCTreeNode.swift */,
				31A67B7E235CA87300F506BD /* FAQInterfaceController.swift */,
				31A67B80235CAC6600F506BD /* FAQRowController.swift */,
				31A67B82235CB55800F506BD /* FAQCell.swift */,
				31D97F9B23BA7936000CFCF2 /* SettingDBController.swift */,
				3142C8A82496694500B1257B /* MCDictionaryDetailController.swift */,
				31B61BC4253369AE00237602 /* ActionsListController.swift */,
				31B61BC625336C6C00237602 /* ActionsCell.swift */,
				31B61BC825336CB700237602 /* ActionsListRowController.swift */,
			);
			path = "Suno-Watch Extension";
			sourceTree = "<group>";
		};
		3188A83224789CB00075B33E /* CameraSE */ = {
			isa = PBXGroup;
			children = (
				3188A82D24789A080075B33E /* MainVision.storyboard */,
				3188A8392478A0EF0075B33E /* AdarshBlueBackpack.mlmodel */,
				3188A83724789FA00075B33E /* ShortcutListItem.swift */,
				3188A83424789CFD0075B33E /* BubbleLabelLayer.swift */,
				3188A83324789CFD0075B33E /* BubbleLayer.swift */,
				3188A83024789C2D0075B33E /* VisionMLViewController.swift */,
			);
			path = CameraSE;
			sourceTree = "<group>";
		};
		31B61BBF2533374000237602 /* Actions */ = {
			isa = PBXGroup;
			children = (
				31829CBC2493B737003C6153 /* MorseCode.storyboard */,
				31B61BBD253317C200237602 /* ActionsTableViewController.swift */,
				31B61BBB2532F86F00237602 /* ActionsList.storyboard */,
				31829CBA2493B671003C6153 /* ActionsMCViewController.swift */,
				3193F410253F6E45004940AE /* MCReaderButtonsViewController.swift */,
				31108A9F25483493009E3DF1 /* ActionsListCell.swift */,
			);
			path = Actions;
			sourceTree = "<group>";
		};
		31F57B51211A14D100777EA3 /* MacApp */ = {
			isa = PBXGroup;
			children = (
				31F57B52211A14D100777EA3 /* AppDelegate.swift */,
				31F57B54211A14D100777EA3 /* SpeechMacViewController.swift */,
				31F57B56211A14D300777EA3 /* Assets.xcassets */,
				31F57B58211A14D300777EA3 /* Main.storyboard */,
				31F57B5B211A14D300777EA3 /* Info.plist */,
				31F57B5C211A14D300777EA3 /* MacApp.entitlements */,
			);
			path = MacApp;
			sourceTree = "<group>";
		};
		31F57B64211A14D300777EA3 /* MacAppTests */ = {
			isa = PBXGroup;
			children = (
				31F57B65211A14D300777EA3 /* MacAppTests.swift */,
				31F57B67211A14D300777EA3 /* Info.plist */,
			);
			path = MacAppTests;
			sourceTree = "<group>";
		};
		31F57B6F211A14D300777EA3 /* MacAppUITests */ = {
			isa = PBXGroup;
			children = (
				31F57B70211A14D300777EA3 /* MacAppUITests.swift */,
				31F57B72211A14D300777EA3 /* Info.plist */,
			);
			path = MacAppUITests;
			sourceTree = "<group>";
		};
		5EBF65051F0AA47700BCD353 = {
			isa = PBXGroup;
			children = (
				31EED010211CBA740099066C /* Suno.entitlements */,
				5EBF65101F0AA47700BCD353 /* CustomVision */,
				31F57B51211A14D100777EA3 /* MacApp */,
				31F57B64211A14D300777EA3 /* MacAppTests */,
				31F57B6F211A14D300777EA3 /* MacAppUITests */,
				317D4C02217EC76A0081B38B /* Suno-Watch */,
				317D4C11217EC76C0081B38B /* Suno-Watch Extension */,
				5EBF650F1F0AA47700BCD353 /* Products */,
				3179722E21578148006495E3 /* Frameworks */,
				CF534DF30A73E4E3CACE66AA /* Pods */,
			);
			sourceTree = "<group>";
		};
		5EBF650F1F0AA47700BCD353 /* Products */ = {
			isa = PBXGroup;
			children = (
				5EBF650E1F0AA47700BCD353 /* SunoDayko.app */,
				31F57B50211A14D100777EA3 /* Suno-Mac.app */,
				31F57B61211A14D300777EA3 /* MacAppTests.xctest */,
				31F57B6C211A14D300777EA3 /* MacAppUITests.xctest */,
				317D4C01217EC76A0081B38B /* SunoDayko.app */,
				317D4C0D217EC76C0081B38B /* Suno-Watch Extension.appex */,
			);
			name = Products;
			sourceTree = "<group>";
		};
		5EBF65101F0AA47700BCD353 /* CustomVision */ = {
			isa = PBXGroup;
			children = (
				31B61BBF2533374000237602 /* Actions */,
				3142C8A12496373100B1257B /* Dictionary */,
				3142C89E2495F32100B1257B /* Settings */,
				3188A83224789CB00075B33E /* CameraSE */,
				315A776523EDBE9300FC75E3 /* TwoPeopleSettingsViewController.swift */,
				317F4418233D11AD00C34DD5 /* WhiteSpeechViewController.swift */,
				31798DFF217C61B5008CF9C7 /* GoogleService-Info.plist */,
				31F57B4A211A137000777EA3 /* SpeechViewController.swift */,
				5EBF65111F0AA47700BCD353 /* AppDelegate.swift */,
				5EBF65151F0AA47700BCD353 /* Main.storyboard */,
				5EBF65181F0AA47700BCD353 /* Assets.xcassets */,
				5EBF651A1F0AA47700BCD353 /* LaunchScreen.storyboard */,
				5EBF651D1F0AA47700BCD353 /* Info.plist */,
				317972282156AAA1006495E3 /* HelpTopicsTableViewController.swift */,
				3179722A2156ABBC006495E3 /* HelpTopicViewController.swift */,
				3179722C2156B3C7006495E3 /* HelpTopicsTableViewCell.swift */,
				31798DFC217B9E66008CF9C7 /* NetworkManager.swift */,
				317D4C232188CCC50081B38B /* States.swift */,
				317D4C252188CCF00081B38B /* Actions.swift */,
				313DDB49225B659A00BF65D4 /* EditingType.swift */,
				31CAE3F6225CCB57001F9E3C /* ConversationTableViewCell.swift */,
				31862B7C225E11650058883D /* ChatListItem.swift */,
				31862B7E226077950058883D /* EventOrigin.swift */,
				313D2C2823D8E2D60089F051 /* ThreeDTouchView.swift */,
				31E5344223DEB01600F163B1 /* UserProfileTableViewController.swift */,
				3124D087240F9996006EB1CA /* MorseCodeEditorViewController.swift */,
				31A855142422A63A0064B29C /* MorseCodeUtils.swift */,
				319D524D2466897400CBB1EB /* HapticManager.swift */,
				316BA193246D78F000869C89 /* UITextField.swift */,
				317340A1246DB60C00F75B1B /* Collection.swift */,
				3163718524B09026006E4F4E /* UIView.swift */,
				310D954F24B1C0BF00936A27 /* UIFont.swift */,
				317C71332540AFE100E6800B /* LibraryCustomActions.swift */,
				311AEE3025D81BAA00E018FE /* SiriShortcut.swift */,
			);
			path = CustomVision;
			sourceTree = "<group>";
		};
		CF534DF30A73E4E3CACE66AA /* Pods */ = {
			isa = PBXGroup;
			children = (
				7FADC355228EAF265EC43166 /* Pods-Suno.debug.xcconfig */,
				00A518D03A10503E18B775E7 /* Pods-Suno.release.xcconfig */,
				F77037D3310DFFE5F32959EE /* Pods-Suno-Mac.debug.xcconfig */,
				3C8A668BA37BAC8691CCD5D4 /* Pods-Suno-Mac.release.xcconfig */,
			);
			name = Pods;
			sourceTree = "<group>";
		};
/* End PBXGroup section */

/* Begin PBXNativeTarget section */
		317D4C00217EC76A0081B38B /* Suno-Watch */ = {
			isa = PBXNativeTarget;
			buildConfigurationList = 317D4C22217EC76D0081B38B /* Build configuration list for PBXNativeTarget "Suno-Watch" */;
			buildPhases = (
				317D4BFF217EC76A0081B38B /* Resources */,
				317D4C21217EC76D0081B38B /* Embed App Extensions */,
				138E05E6C0EF36EFF400E994 /* Frameworks */,
			);
			buildRules = (
			);
			dependencies = (
				317D4C10217EC76C0081B38B /* PBXTargetDependency */,
			);
			name = "Suno-Watch";
			productName = "Suno-Watch";
			productReference = 317D4C01217EC76A0081B38B /* SunoDayko.app */;
			productType = "com.apple.product-type.application.watchapp2";
		};
		317D4C0C217EC76C0081B38B /* Suno-Watch Extension */ = {
			isa = PBXNativeTarget;
			buildConfigurationList = 317D4C20217EC76D0081B38B /* Build configuration list for PBXNativeTarget "Suno-Watch Extension" */;
			buildPhases = (
				317D4C09217EC76C0081B38B /* Sources */,
				317D4C0A217EC76C0081B38B /* Frameworks */,
				317D4C0B217EC76C0081B38B /* Resources */,
			);
			buildRules = (
			);
			dependencies = (
			);
			name = "Suno-Watch Extension";
			productName = "Suno-Watch Extension";
			productReference = 317D4C0D217EC76C0081B38B /* Suno-Watch Extension.appex */;
			productType = "com.apple.product-type.watchkit2-extension";
		};
		31F57B4F211A14D100777EA3 /* Suno-Mac */ = {
			isa = PBXNativeTarget;
			buildConfigurationList = 31F57B73211A14D300777EA3 /* Build configuration list for PBXNativeTarget "Suno-Mac" */;
			buildPhases = (
				FE5AF0784526E3ECE893CFA2 /* [CP] Check Pods Manifest.lock */,
				31F57B4C211A14D100777EA3 /* Sources */,
				31F57B4D211A14D100777EA3 /* Frameworks */,
				31F57B4E211A14D100777EA3 /* Resources */,
			);
			buildRules = (
			);
			dependencies = (
			);
			name = "Suno-Mac";
			productName = MacApp;
			productReference = 31F57B50211A14D100777EA3 /* Suno-Mac.app */;
			productType = "com.apple.product-type.application";
		};
		31F57B60211A14D300777EA3 /* MacAppTests */ = {
			isa = PBXNativeTarget;
			buildConfigurationList = 31F57B76211A14D300777EA3 /* Build configuration list for PBXNativeTarget "MacAppTests" */;
			buildPhases = (
				31F57B5D211A14D300777EA3 /* Sources */,
				31F57B5E211A14D300777EA3 /* Frameworks */,
				31F57B5F211A14D300777EA3 /* Resources */,
			);
			buildRules = (
			);
			dependencies = (
				31F57B63211A14D300777EA3 /* PBXTargetDependency */,
			);
			name = MacAppTests;
			productName = MacAppTests;
			productReference = 31F57B61211A14D300777EA3 /* MacAppTests.xctest */;
			productType = "com.apple.product-type.bundle.unit-test";
		};
		31F57B6B211A14D300777EA3 /* MacAppUITests */ = {
			isa = PBXNativeTarget;
			buildConfigurationList = 31F57B79211A14D300777EA3 /* Build configuration list for PBXNativeTarget "MacAppUITests" */;
			buildPhases = (
				31F57B68211A14D300777EA3 /* Sources */,
				31F57B69211A14D300777EA3 /* Frameworks */,
				31F57B6A211A14D300777EA3 /* Resources */,
			);
			buildRules = (
			);
			dependencies = (
				31F57B6E211A14D300777EA3 /* PBXTargetDependency */,
			);
			name = MacAppUITests;
			productName = MacAppUITests;
			productReference = 31F57B6C211A14D300777EA3 /* MacAppUITests.xctest */;
			productType = "com.apple.product-type.bundle.ui-testing";
		};
		5EBF650D1F0AA47700BCD353 /* Suno */ = {
			isa = PBXNativeTarget;
			buildConfigurationList = 5EBF65201F0AA47700BCD353 /* Build configuration list for PBXNativeTarget "Suno" */;
			buildPhases = (
				BF4E008EBC2853555C8DFDB6 /* [CP] Check Pods Manifest.lock */,
				5EBF650A1F0AA47700BCD353 /* Sources */,
				5EBF650B1F0AA47700BCD353 /* Frameworks */,
				5EBF650C1F0AA47700BCD353 /* Resources */,
				31EED00F211B65330099066C /* Embed Watch Content */,
				920B3885A0A784B409D916B3 /* [CP] Embed Pods Frameworks */,
			);
			buildRules = (
			);
			dependencies = (
				317D4C1A217EC76D0081B38B /* PBXTargetDependency */,
			);
			name = Suno;
			productName = testVision;
			productReference = 5EBF650E1F0AA47700BCD353 /* SunoDayko.app */;
			productType = "com.apple.product-type.application";
		};
/* End PBXNativeTarget section */

/* Begin PBXProject section */
		5EBF65061F0AA47700BCD353 /* Project object */ = {
			isa = PBXProject;
			attributes = {
				LastSwiftUpdateCheck = 1000;
				LastUpgradeCheck = 0900;
				ORGANIZATIONNAME = "Adam Behringer";
				TargetAttributes = {
					317D4C00217EC76A0081B38B = {
						CreatedOnToolsVersion = 10.0;
						ProvisioningStyle = Automatic;
					};
					317D4C0C217EC76C0081B38B = {
						CreatedOnToolsVersion = 10.0;
						ProvisioningStyle = Automatic;
					};
					31F57B4F211A14D100777EA3 = {
						CreatedOnToolsVersion = 9.4;
						ProvisioningStyle = Automatic;
						SystemCapabilities = {
							com.apple.Sandbox = {
								enabled = 1;
							};
						};
					};
					31F57B60211A14D300777EA3 = {
						CreatedOnToolsVersion = 9.4;
						ProvisioningStyle = Automatic;
						TestTargetID = 31F57B4F211A14D100777EA3;
					};
					31F57B6B211A14D300777EA3 = {
						CreatedOnToolsVersion = 9.4;
						ProvisioningStyle = Automatic;
						TestTargetID = 31F57B4F211A14D100777EA3;
					};
					5EBF650D1F0AA47700BCD353 = {
						CreatedOnToolsVersion = 9.0;
						SystemCapabilities = {
							com.apple.InAppPurchase = {
								enabled = 0;
							};
						};
					};
				};
			};
			buildConfigurationList = 5EBF65091F0AA47700BCD353 /* Build configuration list for PBXProject "CustomVision" */;
			compatibilityVersion = "Xcode 8.0";
			developmentRegion = en;
			hasScannedForEncodings = 0;
			knownRegions = (
				en,
				Base,
			);
			mainGroup = 5EBF65051F0AA47700BCD353;
			productRefGroup = 5EBF650F1F0AA47700BCD353 /* Products */;
			projectDirPath = "";
			projectRoot = "";
			targets = (
				5EBF650D1F0AA47700BCD353 /* Suno */,
				31F57B4F211A14D100777EA3 /* Suno-Mac */,
				31F57B60211A14D300777EA3 /* MacAppTests */,
				31F57B6B211A14D300777EA3 /* MacAppUITests */,
				317D4C00217EC76A0081B38B /* Suno-Watch */,
				317D4C0C217EC76C0081B38B /* Suno-Watch Extension */,
			);
		};
/* End PBXProject section */

/* Begin PBXResourcesBuildPhase section */
		317D4BFF217EC76A0081B38B /* Resources */ = {
			isa = PBXResourcesBuildPhase;
			buildActionMask = 2147483647;
			files = (
				317D4C07217EC76C0081B38B /* Assets.xcassets in Resources */,
				31B61BC3253354F300237602 /* ActionsList.storyboard in Resources */,
				317D4C05217EC76A0081B38B /* Interface.storyboard in Resources */,
			);
			runOnlyForDeploymentPostprocessing = 0;
		};
		317D4C0B217EC76C0081B38B /* Resources */ = {
			isa = PBXResourcesBuildPhase;
			buildActionMask = 2147483647;
			files = (
				317D4C17217EC76D0081B38B /* Assets.xcassets in Resources */,
			);
			runOnlyForDeploymentPostprocessing = 0;
		};
		31F57B4E211A14D100777EA3 /* Resources */ = {
			isa = PBXResourcesBuildPhase;
			buildActionMask = 2147483647;
			files = (
				31F57B57211A14D300777EA3 /* Assets.xcassets in Resources */,
				31F57B5A211A14D300777EA3 /* Main.storyboard in Resources */,
				31798E01217C61B5008CF9C7 /* GoogleService-Info.plist in Resources */,
			);
			runOnlyForDeploymentPostprocessing = 0;
		};
		31F57B5F211A14D300777EA3 /* Resources */ = {
			isa = PBXResourcesBuildPhase;
			buildActionMask = 2147483647;
			files = (
				31798E02217C61B5008CF9C7 /* GoogleService-Info.plist in Resources */,
			);
			runOnlyForDeploymentPostprocessing = 0;
		};
		31F57B6A211A14D300777EA3 /* Resources */ = {
			isa = PBXResourcesBuildPhase;
			buildActionMask = 2147483647;
			files = (
				31798E03217C61B5008CF9C7 /* GoogleService-Info.plist in Resources */,
			);
			runOnlyForDeploymentPostprocessing = 0;
		};
		5EBF650C1F0AA47700BCD353 /* Resources */ = {
			isa = PBXResourcesBuildPhase;
			buildActionMask = 2147483647;
			files = (
				3188A82F24789A080075B33E /* MainVision.storyboard in Resources */,
				5EBF651C1F0AA47700BCD353 /* LaunchScreen.storyboard in Resources */,
				31B61BBC2532F86F00237602 /* ActionsList.storyboard in Resources */,
				3142C8A52496384D00B1257B /* Dictionary.storyboard in Resources */,
				31798E00217C61B5008CF9C7 /* GoogleService-Info.plist in Resources */,
				5EBF65191F0AA47700BCD353 /* Assets.xcassets in Resources */,
				31829CBD2493B737003C6153 /* MorseCode.storyboard in Resources */,
				5EBF65171F0AA47700BCD353 /* Main.storyboard in Resources */,
				3142C8A02495F32E00B1257B /* Settings.storyboard in Resources */,
			);
			runOnlyForDeploymentPostprocessing = 0;
		};
/* End PBXResourcesBuildPhase section */

/* Begin PBXShellScriptBuildPhase section */
		920B3885A0A784B409D916B3 /* [CP] Embed Pods Frameworks */ = {
			isa = PBXShellScriptBuildPhase;
			buildActionMask = 2147483647;
			files = (
			);
			inputPaths = (
				"${PODS_ROOT}/Target Support Files/Pods-Suno/Pods-Suno-frameworks.sh",
				"${BUILT_PRODUCTS_DIR}/GoogleUtilities/GoogleUtilities.framework",
				"${BUILT_PRODUCTS_DIR}/ReachabilitySwift/Reachability.framework",
				"${BUILT_PRODUCTS_DIR}/nanopb/nanopb.framework",
			);
			name = "[CP] Embed Pods Frameworks";
			outputPaths = (
				"${TARGET_BUILD_DIR}/${FRAMEWORKS_FOLDER_PATH}/GoogleUtilities.framework",
				"${TARGET_BUILD_DIR}/${FRAMEWORKS_FOLDER_PATH}/Reachability.framework",
				"${TARGET_BUILD_DIR}/${FRAMEWORKS_FOLDER_PATH}/nanopb.framework",
			);
			runOnlyForDeploymentPostprocessing = 0;
			shellPath = /bin/sh;
			shellScript = "\"${PODS_ROOT}/Target Support Files/Pods-Suno/Pods-Suno-frameworks.sh\"\n";
			showEnvVarsInLog = 0;
		};
		BF4E008EBC2853555C8DFDB6 /* [CP] Check Pods Manifest.lock */ = {
			isa = PBXShellScriptBuildPhase;
			buildActionMask = 2147483647;
			files = (
			);
			inputFileListPaths = (
			);
			inputPaths = (
				"${PODS_PODFILE_DIR_PATH}/Podfile.lock",
				"${PODS_ROOT}/Manifest.lock",
			);
			name = "[CP] Check Pods Manifest.lock";
			outputFileListPaths = (
			);
			outputPaths = (
				"$(DERIVED_FILE_DIR)/Pods-Suno-checkManifestLockResult.txt",
			);
			runOnlyForDeploymentPostprocessing = 0;
			shellPath = /bin/sh;
			shellScript = "diff \"${PODS_PODFILE_DIR_PATH}/Podfile.lock\" \"${PODS_ROOT}/Manifest.lock\" > /dev/null\nif [ $? != 0 ] ; then\n    # print error to STDERR\n    echo \"error: The sandbox is not in sync with the Podfile.lock. Run 'pod install' or update your CocoaPods installation.\" >&2\n    exit 1\nfi\n# This output is used by Xcode 'outputs' to avoid re-running this script phase.\necho \"SUCCESS\" > \"${SCRIPT_OUTPUT_FILE_0}\"\n";
			showEnvVarsInLog = 0;
		};
		FE5AF0784526E3ECE893CFA2 /* [CP] Check Pods Manifest.lock */ = {
			isa = PBXShellScriptBuildPhase;
			buildActionMask = 2147483647;
			files = (
			);
			inputFileListPaths = (
			);
			inputPaths = (
				"${PODS_PODFILE_DIR_PATH}/Podfile.lock",
				"${PODS_ROOT}/Manifest.lock",
			);
			name = "[CP] Check Pods Manifest.lock";
			outputFileListPaths = (
			);
			outputPaths = (
				"$(DERIVED_FILE_DIR)/Pods-Suno-Mac-checkManifestLockResult.txt",
			);
			runOnlyForDeploymentPostprocessing = 0;
			shellPath = /bin/sh;
			shellScript = "diff \"${PODS_PODFILE_DIR_PATH}/Podfile.lock\" \"${PODS_ROOT}/Manifest.lock\" > /dev/null\nif [ $? != 0 ] ; then\n    # print error to STDERR\n    echo \"error: The sandbox is not in sync with the Podfile.lock. Run 'pod install' or update your CocoaPods installation.\" >&2\n    exit 1\nfi\n# This output is used by Xcode 'outputs' to avoid re-running this script phase.\necho \"SUCCESS\" > \"${SCRIPT_OUTPUT_FILE_0}\"\n";
			showEnvVarsInLog = 0;
		};
/* End PBXShellScriptBuildPhase section */

/* Begin PBXSourcesBuildPhase section */
		317D4C09217EC76C0081B38B /* Sources */ = {
			isa = PBXSourcesBuildPhase;
			buildActionMask = 2147483647;
			files = (
				317D4C15217EC76C0081B38B /* ExtensionDelegate.swift in Sources */,
				31A67B81235CAC6600F506BD /* FAQRowController.swift in Sources */,
				31B61BC925336CB700237602 /* ActionsListRowController.swift in Sources */,
				31A67B7F235CA87300F506BD /* FAQInterfaceController.swift in Sources */,
				31EC882823467AD50088051C /* MCTreeNode.swift in Sources */,
				3142C8A92496694500B1257B /* MCDictionaryDetailController.swift in Sources */,
				31EC882623467A600088051C /* MorseCode.swift in Sources */,
				317D4C13217EC76C0081B38B /* InterfaceController.swift in Sources */,
				31B61BC5253369AE00237602 /* ActionsListController.swift in Sources */,
				315BF11025D94CF600A315FC /* SiriShortcut.swift in Sources */,
				310AEECE2344AEF400B11D44 /* MCDictionaryRowController.swift in Sources */,
				31B5A84723435F8300196E96 /* MorseCodeCell.swift in Sources */,
				31D97F9C23BA7936000CFCF2 /* SettingDBController.swift in Sources */,
				31B61BC725336C6C00237602 /* ActionsCell.swift in Sources */,
				31A67B83235CB55800F506BD /* FAQCell.swift in Sources */,
				3141022725FA5FC30065B0EE /* WorkoutManager.swift in Sources */,
				31CE81B0233FAEAD005DC2B6 /* MCInterfaceController.swift in Sources */,
				31108A91254808B9009E3DF1 /* Actions.swift in Sources */,
				31B5A84523435B6400196E96 /* MCDictionaryInterfaceController.swift in Sources */,
				317C713B2540B03800E6800B /* LibraryCustomActions.swift in Sources */,
				310CE57225FA052100C948DB /* WorkoutTracking.swift in Sources */,
				310CE56025F92FEC00C948DB /* HRCalculatorController.swift in Sources */,
			);
			runOnlyForDeploymentPostprocessing = 0;
		};
		31F57B4C211A14D100777EA3 /* Sources */ = {
			isa = PBXSourcesBuildPhase;
			buildActionMask = 2147483647;
			files = (
				31F57B55211A14D100777EA3 /* SpeechMacViewController.swift in Sources */,
				31F57B53211A14D100777EA3 /* AppDelegate.swift in Sources */,
			);
			runOnlyForDeploymentPostprocessing = 0;
		};
		31F57B5D211A14D300777EA3 /* Sources */ = {
			isa = PBXSourcesBuildPhase;
			buildActionMask = 2147483647;
			files = (
				31F57B66211A14D300777EA3 /* MacAppTests.swift in Sources */,
			);
			runOnlyForDeploymentPostprocessing = 0;
		};
		31F57B68211A14D300777EA3 /* Sources */ = {
			isa = PBXSourcesBuildPhase;
			buildActionMask = 2147483647;
			files = (
				31F57B71211A14D300777EA3 /* MacAppUITests.swift in Sources */,
			);
			runOnlyForDeploymentPostprocessing = 0;
		};
		5EBF650A1F0AA47700BCD353 /* Sources */ = {
			isa = PBXSourcesBuildPhase;
			buildActionMask = 2147483647;
			files = (
				317D4C262188CCF00081B38B /* Actions.swift in Sources */,
				317C71342540AFE200E6800B /* LibraryCustomActions.swift in Sources */,
				31829CB724936D2B003C6153 /* MorseCodeUtils.swift in Sources */,
				313DDB4A225B659A00BF65D4 /* EditingType.swift in Sources */,
				31BC651D24697FDD00D5D801 /* MCDictionaryCell.swift in Sources */,
				3193F411253F6E45004940AE /* MCReaderButtonsViewController.swift in Sources */,
				31108AA025483493009E3DF1 /* ActionsListCell.swift in Sources */,
				31D3AF17241A2923006F0609 /* MCTreeNode.swift in Sources */,
				311AEE3125D81BAA00E018FE /* SiriShortcut.swift in Sources */,
				31F57B4B211A137000777EA3 /* SpeechViewController.swift in Sources */,
				31D3AF16241A28E9006F0609 /* MorseCode.swift in Sources */,
				31E5344323DEB01600F163B1 /* UserProfileTableViewController.swift in Sources */,
				310D955024B1C0BF00936A27 /* UIFont.swift in Sources */,
				317F4419233D11AD00C34DD5 /* WhiteSpeechViewController.swift in Sources */,
				31BC65192469324100D5D801 /* MCDictionaryTableViewController.swift in Sources */,
				3163718624B09026006E4F4E /* UIView.swift in Sources */,
				317D4C242188CCC50081B38B /* States.swift in Sources */,
				31798DFD217B9E66008CF9C7 /* NetworkManager.swift in Sources */,
				319D524E2466897400CBB1EB /* HapticManager.swift in Sources */,
				31829CBB2493B671003C6153 /* ActionsMCViewController.swift in Sources */,
				31862B7D225E11650058883D /* ChatListItem.swift in Sources */,
				3142C8A72496390700B1257B /* MCDictionaryDetailViewController.swift in Sources */,
				31BC651E2469872D00D5D801 /* MorseCodeCell.swift in Sources */,
				31108A9825482EC6009E3DF1 /* ActionsCell.swift in Sources */,
				31862B7F226077950058883D /* EventOrigin.swift in Sources */,
				3124D088240F9996006EB1CA /* MorseCodeEditorViewController.swift in Sources */,
				316BA194246D78F000869C89 /* UITextField.swift in Sources */,
				317340A2246DB60C00F75B1B /* Collection.swift in Sources */,
				3172732D247662FC003538F8 /* SettingsTableViewController.swift in Sources */,
				31B61BBE253317C200237602 /* ActionsTableViewController.swift in Sources */,
				3188A83624789CFD0075B33E /* BubbleLabelLayer.swift in Sources */,
				317972292156AAA1006495E3 /* HelpTopicsTableViewController.swift in Sources */,
				313D2C2923D8E2D60089F051 /* ThreeDTouchView.swift in Sources */,
				3179722D2156B3C7006495E3 /* HelpTopicsTableViewCell.swift in Sources */,
				3179722B2156ABBC006495E3 /* HelpTopicViewController.swift in Sources */,
				315A776623EDBE9300FC75E3 /* TwoPeopleSettingsViewController.swift in Sources */,
				5EBF65121F0AA47700BCD353 /* AppDelegate.swift in Sources */,
				3188A83824789FA00075B33E /* ShortcutListItem.swift in Sources */,
				31CAE3F7225CCB57001F9E3C /* ConversationTableViewCell.swift in Sources */,
				3188A83A2478A0EF0075B33E /* AdarshBlueBackpack.mlmodel in Sources */,
				3188A83124789C2D0075B33E /* VisionMLViewController.swift in Sources */,
				3188A83524789CFD0075B33E /* BubbleLayer.swift in Sources */,
			);
			runOnlyForDeploymentPostprocessing = 0;
		};
/* End PBXSourcesBuildPhase section */

/* Begin PBXTargetDependency section */
		317D4C10217EC76C0081B38B /* PBXTargetDependency */ = {
			isa = PBXTargetDependency;
			target = 317D4C0C217EC76C0081B38B /* Suno-Watch Extension */;
			targetProxy = 317D4C0F217EC76C0081B38B /* PBXContainerItemProxy */;
		};
		317D4C1A217EC76D0081B38B /* PBXTargetDependency */ = {
			isa = PBXTargetDependency;
			target = 317D4C00217EC76A0081B38B /* Suno-Watch */;
			targetProxy = 317D4C19217EC76D0081B38B /* PBXContainerItemProxy */;
		};
		31F57B63211A14D300777EA3 /* PBXTargetDependency */ = {
			isa = PBXTargetDependency;
			target = 31F57B4F211A14D100777EA3 /* Suno-Mac */;
			targetProxy = 31F57B62211A14D300777EA3 /* PBXContainerItemProxy */;
		};
		31F57B6E211A14D300777EA3 /* PBXTargetDependency */ = {
			isa = PBXTargetDependency;
			target = 31F57B4F211A14D100777EA3 /* Suno-Mac */;
			targetProxy = 31F57B6D211A14D300777EA3 /* PBXContainerItemProxy */;
		};
/* End PBXTargetDependency section */

/* Begin PBXVariantGroup section */
		317D4C03217EC76A0081B38B /* Interface.storyboard */ = {
			isa = PBXVariantGroup;
			children = (
				317D4C04217EC76A0081B38B /* Base */,
			);
			name = Interface.storyboard;
			sourceTree = "<group>";
		};
		3188A82D24789A080075B33E /* MainVision.storyboard */ = {
			isa = PBXVariantGroup;
			children = (
				3188A82E24789A080075B33E /* Base */,
			);
			name = MainVision.storyboard;
			sourceTree = "<group>";
		};
		31F57B58211A14D300777EA3 /* Main.storyboard */ = {
			isa = PBXVariantGroup;
			children = (
				31F57B59211A14D300777EA3 /* Base */,
			);
			name = Main.storyboard;
			sourceTree = "<group>";
		};
		5EBF65151F0AA47700BCD353 /* Main.storyboard */ = {
			isa = PBXVariantGroup;
			children = (
				5EBF65161F0AA47700BCD353 /* Base */,
			);
			name = Main.storyboard;
			sourceTree = "<group>";
		};
		5EBF651A1F0AA47700BCD353 /* LaunchScreen.storyboard */ = {
			isa = PBXVariantGroup;
			children = (
				5EBF651B1F0AA47700BCD353 /* Base */,
			);
			name = LaunchScreen.storyboard;
			sourceTree = "<group>";
		};
/* End PBXVariantGroup section */

/* Begin XCBuildConfiguration section */
		317D4C1C217EC76D0081B38B /* Debug */ = {
			isa = XCBuildConfiguration;
			buildSettings = {
				ALWAYS_EMBED_SWIFT_STANDARD_LIBRARIES = YES;
				ASSETCATALOG_COMPILER_APPICON_NAME = AppIcon;
				CLANG_ENABLE_OBJC_WEAK = YES;
				CLANG_WARN_DEPRECATED_OBJC_IMPLEMENTATIONS = YES;
				CLANG_WARN_NON_LITERAL_NULL_CONVERSION = YES;
				CLANG_WARN_OBJC_IMPLICIT_RETAIN_SELF = YES;
				CLANG_WARN_OBJC_LITERAL_CONVERSION = YES;
				CODE_SIGN_STYLE = Automatic;
				CURRENT_PROJECT_VERSION = 47;
				DEVELOPMENT_TEAM = B66JCRW7R4;
				IBSC_MODULE = Suno_Watch_Extension;
				INFOPLIST_FILE = "Suno-Watch/Info.plist";
				MARKETING_VERSION = 1.1.13;
				MTL_ENABLE_DEBUG_INFO = INCLUDE_SOURCE;
				MTL_FAST_MATH = YES;
				PRODUCT_BUNDLE_IDENTIFIER = com.starsearth.three.watchkitapp;
				PRODUCT_NAME = SunoDayko;
				SDKROOT = watchos;
				SKIP_INSTALL = YES;
				SWIFT_VERSION = 4.2;
				TARGETED_DEVICE_FAMILY = 4;
				WATCHOS_DEPLOYMENT_TARGET = 6.0;
			};
			name = Debug;
		};
		317D4C1D217EC76D0081B38B /* Release */ = {
			isa = XCBuildConfiguration;
			buildSettings = {
				ALWAYS_EMBED_SWIFT_STANDARD_LIBRARIES = YES;
				ASSETCATALOG_COMPILER_APPICON_NAME = AppIcon;
				CLANG_ENABLE_OBJC_WEAK = YES;
				CLANG_WARN_DEPRECATED_OBJC_IMPLEMENTATIONS = YES;
				CLANG_WARN_NON_LITERAL_NULL_CONVERSION = YES;
				CLANG_WARN_OBJC_IMPLICIT_RETAIN_SELF = YES;
				CLANG_WARN_OBJC_LITERAL_CONVERSION = YES;
				CODE_SIGN_STYLE = Automatic;
				CURRENT_PROJECT_VERSION = 47;
				DEVELOPMENT_TEAM = B66JCRW7R4;
				IBSC_MODULE = Suno_Watch_Extension;
				INFOPLIST_FILE = "Suno-Watch/Info.plist";
				MARKETING_VERSION = 1.1.13;
				MTL_FAST_MATH = YES;
				PRODUCT_BUNDLE_IDENTIFIER = com.starsearth.three.watchkitapp;
				PRODUCT_NAME = SunoDayko;
				SDKROOT = watchos;
				SKIP_INSTALL = YES;
				SWIFT_VERSION = 4.2;
				TARGETED_DEVICE_FAMILY = 4;
				WATCHOS_DEPLOYMENT_TARGET = 6.0;
			};
			name = Release;
		};
		317D4C1E217EC76D0081B38B /* Debug */ = {
			isa = XCBuildConfiguration;
			buildSettings = {
				ASSETCATALOG_COMPILER_COMPLICATION_NAME = Complication;
				CLANG_ENABLE_OBJC_WEAK = YES;
				CLANG_WARN_DEPRECATED_OBJC_IMPLEMENTATIONS = YES;
				CLANG_WARN_NON_LITERAL_NULL_CONVERSION = YES;
				CLANG_WARN_OBJC_IMPLICIT_RETAIN_SELF = YES;
				CLANG_WARN_OBJC_LITERAL_CONVERSION = YES;
				CODE_SIGN_ENTITLEMENTS = "Suno-Watch Extension/Suno-Watch Extension.entitlements";
				CODE_SIGN_STYLE = Automatic;
				DEVELOPMENT_TEAM = B66JCRW7R4;
				INFOPLIST_FILE = "Suno-Watch Extension/Info.plist";
				LD_RUNPATH_SEARCH_PATHS = "$(inherited) @executable_path/Frameworks @executable_path/../../Frameworks";
				MTL_ENABLE_DEBUG_INFO = INCLUDE_SOURCE;
				MTL_FAST_MATH = YES;
				PRODUCT_BUNDLE_IDENTIFIER = com.starsearth.three.watchkitapp.watchkitextension;
				PRODUCT_NAME = "Suno-Watch Extension";
				SDKROOT = watchos;
				SKIP_INSTALL = YES;
				SWIFT_VERSION = 4.2;
				TARGETED_DEVICE_FAMILY = 4;
				WATCHOS_DEPLOYMENT_TARGET = 6.0;
			};
			name = Debug;
		};
		317D4C1F217EC76D0081B38B /* Release */ = {
			isa = XCBuildConfiguration;
			buildSettings = {
				ASSETCATALOG_COMPILER_COMPLICATION_NAME = Complication;
				CLANG_ENABLE_OBJC_WEAK = YES;
				CLANG_WARN_DEPRECATED_OBJC_IMPLEMENTATIONS = YES;
				CLANG_WARN_NON_LITERAL_NULL_CONVERSION = YES;
				CLANG_WARN_OBJC_IMPLICIT_RETAIN_SELF = YES;
				CLANG_WARN_OBJC_LITERAL_CONVERSION = YES;
				CODE_SIGN_ENTITLEMENTS = "Suno-Watch Extension/Suno-Watch Extension.entitlements";
				CODE_SIGN_STYLE = Automatic;
				DEVELOPMENT_TEAM = B66JCRW7R4;
				INFOPLIST_FILE = "Suno-Watch Extension/Info.plist";
				LD_RUNPATH_SEARCH_PATHS = "$(inherited) @executable_path/Frameworks @executable_path/../../Frameworks";
				MTL_FAST_MATH = YES;
				PRODUCT_BUNDLE_IDENTIFIER = com.starsearth.three.watchkitapp.watchkitextension;
				PRODUCT_NAME = "Suno-Watch Extension";
				SDKROOT = watchos;
				SKIP_INSTALL = YES;
				SWIFT_VERSION = 4.2;
				TARGETED_DEVICE_FAMILY = 4;
				WATCHOS_DEPLOYMENT_TARGET = 6.0;
			};
			name = Release;
		};
		31F57B74211A14D300777EA3 /* Debug */ = {
			isa = XCBuildConfiguration;
			baseConfigurationReference = F77037D3310DFFE5F32959EE /* Pods-Suno-Mac.debug.xcconfig */;
			buildSettings = {
				ASSETCATALOG_COMPILER_APPICON_NAME = AppIcon;
				CLANG_ENABLE_OBJC_WEAK = YES;
				CLANG_WARN_DEPRECATED_OBJC_IMPLEMENTATIONS = YES;
				CLANG_WARN_NON_LITERAL_NULL_CONVERSION = YES;
				CLANG_WARN_OBJC_IMPLICIT_RETAIN_SELF = YES;
				CLANG_WARN_OBJC_LITERAL_CONVERSION = YES;
				CODE_SIGN_ENTITLEMENTS = Suno.entitlements;
				CODE_SIGN_IDENTITY = "Mac Developer";
				CODE_SIGN_STYLE = Automatic;
				COMBINE_HIDPI_IMAGES = YES;
				DEVELOPMENT_TEAM = B66JCRW7R4;
				INFOPLIST_FILE = MacApp/Info.plist;
				LD_RUNPATH_SEARCH_PATHS = "$(inherited) @executable_path/../Frameworks";
				MACOSX_DEPLOYMENT_TARGET = 10.10;
				PRODUCT_BUNDLE_IDENTIFIER = com.starsearth.three;
				PRODUCT_NAME = "$(TARGET_NAME)";
				SDKROOT = macosx;
				SWIFT_VERSION = 4.0;
			};
			name = Debug;
		};
		31F57B75211A14D300777EA3 /* Release */ = {
			isa = XCBuildConfiguration;
			baseConfigurationReference = 3C8A668BA37BAC8691CCD5D4 /* Pods-Suno-Mac.release.xcconfig */;
			buildSettings = {
				ASSETCATALOG_COMPILER_APPICON_NAME = AppIcon;
				CLANG_ENABLE_OBJC_WEAK = YES;
				CLANG_WARN_DEPRECATED_OBJC_IMPLEMENTATIONS = YES;
				CLANG_WARN_NON_LITERAL_NULL_CONVERSION = YES;
				CLANG_WARN_OBJC_IMPLICIT_RETAIN_SELF = YES;
				CLANG_WARN_OBJC_LITERAL_CONVERSION = YES;
				CODE_SIGN_ENTITLEMENTS = Suno.entitlements;
				CODE_SIGN_IDENTITY = "Mac Developer";
				CODE_SIGN_STYLE = Automatic;
				COMBINE_HIDPI_IMAGES = YES;
				DEVELOPMENT_TEAM = B66JCRW7R4;
				INFOPLIST_FILE = MacApp/Info.plist;
				LD_RUNPATH_SEARCH_PATHS = "$(inherited) @executable_path/../Frameworks";
				MACOSX_DEPLOYMENT_TARGET = 10.10;
				PRODUCT_BUNDLE_IDENTIFIER = com.starsearth.three;
				PRODUCT_NAME = "$(TARGET_NAME)";
				SDKROOT = macosx;
				SWIFT_VERSION = 4.0;
			};
			name = Release;
		};
		31F57B77211A14D300777EA3 /* Debug */ = {
			isa = XCBuildConfiguration;
			buildSettings = {
				ALWAYS_EMBED_SWIFT_STANDARD_LIBRARIES = YES;
				BUNDLE_LOADER = "$(TEST_HOST)";
				CLANG_ENABLE_OBJC_WEAK = YES;
				CLANG_WARN_DEPRECATED_OBJC_IMPLEMENTATIONS = YES;
				CLANG_WARN_NON_LITERAL_NULL_CONVERSION = YES;
				CLANG_WARN_OBJC_IMPLICIT_RETAIN_SELF = YES;
				CLANG_WARN_OBJC_LITERAL_CONVERSION = YES;
				CODE_SIGN_IDENTITY = "Mac Developer";
				CODE_SIGN_STYLE = Automatic;
				COMBINE_HIDPI_IMAGES = YES;
				DEVELOPMENT_TEAM = B66JCRW7R4;
				INFOPLIST_FILE = MacAppTests/Info.plist;
				LD_RUNPATH_SEARCH_PATHS = "$(inherited) @executable_path/../Frameworks @loader_path/../Frameworks";
				MACOSX_DEPLOYMENT_TARGET = 10.13;
				PRODUCT_BUNDLE_IDENTIFIER = com.starsearth.MacAppTests;
				PRODUCT_NAME = "$(TARGET_NAME)";
				SDKROOT = macosx;
				SWIFT_VERSION = 4.0;
				TEST_HOST = "$(BUILT_PRODUCTS_DIR)/MacApp.app/Contents/MacOS/MacApp";
			};
			name = Debug;
		};
		31F57B78211A14D300777EA3 /* Release */ = {
			isa = XCBuildConfiguration;
			buildSettings = {
				ALWAYS_EMBED_SWIFT_STANDARD_LIBRARIES = YES;
				BUNDLE_LOADER = "$(TEST_HOST)";
				CLANG_ENABLE_OBJC_WEAK = YES;
				CLANG_WARN_DEPRECATED_OBJC_IMPLEMENTATIONS = YES;
				CLANG_WARN_NON_LITERAL_NULL_CONVERSION = YES;
				CLANG_WARN_OBJC_IMPLICIT_RETAIN_SELF = YES;
				CLANG_WARN_OBJC_LITERAL_CONVERSION = YES;
				CODE_SIGN_IDENTITY = "Mac Developer";
				CODE_SIGN_STYLE = Automatic;
				COMBINE_HIDPI_IMAGES = YES;
				DEVELOPMENT_TEAM = B66JCRW7R4;
				INFOPLIST_FILE = MacAppTests/Info.plist;
				LD_RUNPATH_SEARCH_PATHS = "$(inherited) @executable_path/../Frameworks @loader_path/../Frameworks";
				MACOSX_DEPLOYMENT_TARGET = 10.13;
				PRODUCT_BUNDLE_IDENTIFIER = com.starsearth.MacAppTests;
				PRODUCT_NAME = "$(TARGET_NAME)";
				SDKROOT = macosx;
				SWIFT_VERSION = 4.0;
				TEST_HOST = "$(BUILT_PRODUCTS_DIR)/MacApp.app/Contents/MacOS/MacApp";
			};
			name = Release;
		};
		31F57B7A211A14D300777EA3 /* Debug */ = {
			isa = XCBuildConfiguration;
			buildSettings = {
				ALWAYS_EMBED_SWIFT_STANDARD_LIBRARIES = YES;
				CLANG_ENABLE_OBJC_WEAK = YES;
				CLANG_WARN_DEPRECATED_OBJC_IMPLEMENTATIONS = YES;
				CLANG_WARN_NON_LITERAL_NULL_CONVERSION = YES;
				CLANG_WARN_OBJC_IMPLICIT_RETAIN_SELF = YES;
				CLANG_WARN_OBJC_LITERAL_CONVERSION = YES;
				CODE_SIGN_IDENTITY = "Mac Developer";
				CODE_SIGN_STYLE = Automatic;
				COMBINE_HIDPI_IMAGES = YES;
				DEVELOPMENT_TEAM = B66JCRW7R4;
				INFOPLIST_FILE = MacAppUITests/Info.plist;
				LD_RUNPATH_SEARCH_PATHS = "$(inherited) @executable_path/../Frameworks @loader_path/../Frameworks";
				MACOSX_DEPLOYMENT_TARGET = 10.13;
				PRODUCT_BUNDLE_IDENTIFIER = com.starsearth.MacAppUITests;
				PRODUCT_NAME = "$(TARGET_NAME)";
				SDKROOT = macosx;
				SWIFT_VERSION = 4.0;
				TEST_TARGET_NAME = MacApp;
			};
			name = Debug;
		};
		31F57B7B211A14D300777EA3 /* Release */ = {
			isa = XCBuildConfiguration;
			buildSettings = {
				ALWAYS_EMBED_SWIFT_STANDARD_LIBRARIES = YES;
				CLANG_ENABLE_OBJC_WEAK = YES;
				CLANG_WARN_DEPRECATED_OBJC_IMPLEMENTATIONS = YES;
				CLANG_WARN_NON_LITERAL_NULL_CONVERSION = YES;
				CLANG_WARN_OBJC_IMPLICIT_RETAIN_SELF = YES;
				CLANG_WARN_OBJC_LITERAL_CONVERSION = YES;
				CODE_SIGN_IDENTITY = "Mac Developer";
				CODE_SIGN_STYLE = Automatic;
				COMBINE_HIDPI_IMAGES = YES;
				DEVELOPMENT_TEAM = B66JCRW7R4;
				INFOPLIST_FILE = MacAppUITests/Info.plist;
				LD_RUNPATH_SEARCH_PATHS = "$(inherited) @executable_path/../Frameworks @loader_path/../Frameworks";
				MACOSX_DEPLOYMENT_TARGET = 10.13;
				PRODUCT_BUNDLE_IDENTIFIER = com.starsearth.MacAppUITests;
				PRODUCT_NAME = "$(TARGET_NAME)";
				SDKROOT = macosx;
				SWIFT_VERSION = 4.0;
				TEST_TARGET_NAME = MacApp;
			};
			name = Release;
		};
		5EBF651E1F0AA47700BCD353 /* Debug */ = {
			isa = XCBuildConfiguration;
			buildSettings = {
				ALWAYS_SEARCH_USER_PATHS = NO;
				CLANG_ANALYZER_NONNULL = YES;
				CLANG_ANALYZER_NUMBER_OBJECT_CONVERSION = YES_AGGRESSIVE;
				CLANG_CXX_LANGUAGE_STANDARD = "gnu++14";
				CLANG_CXX_LIBRARY = "libc++";
				CLANG_ENABLE_MODULES = YES;
				CLANG_ENABLE_OBJC_ARC = YES;
				CLANG_WARN_BLOCK_CAPTURE_AUTORELEASING = YES;
				CLANG_WARN_BOOL_CONVERSION = YES;
				CLANG_WARN_COMMA = YES;
				CLANG_WARN_CONSTANT_CONVERSION = YES;
				CLANG_WARN_DIRECT_OBJC_ISA_USAGE = YES_ERROR;
				CLANG_WARN_DOCUMENTATION_COMMENTS = YES;
				CLANG_WARN_EMPTY_BODY = YES;
				CLANG_WARN_ENUM_CONVERSION = YES;
				CLANG_WARN_INFINITE_RECURSION = YES;
				CLANG_WARN_INT_CONVERSION = YES;
				CLANG_WARN_OBJC_ROOT_CLASS = YES_ERROR;
				CLANG_WARN_RANGE_LOOP_ANALYSIS = YES;
				CLANG_WARN_STRICT_PROTOTYPES = YES;
				CLANG_WARN_SUSPICIOUS_MOVE = YES;
				CLANG_WARN_UNGUARDED_AVAILABILITY = YES_AGGRESSIVE;
				CLANG_WARN_UNREACHABLE_CODE = YES;
				CLANG_WARN__DUPLICATE_METHOD_MATCH = YES;
				CODE_SIGN_IDENTITY = "iPhone Developer";
				COPY_PHASE_STRIP = NO;
				DEBUG_INFORMATION_FORMAT = dwarf;
				ENABLE_STRICT_OBJC_MSGSEND = YES;
				ENABLE_TESTABILITY = YES;
				GCC_C_LANGUAGE_STANDARD = gnu11;
				GCC_DYNAMIC_NO_PIC = NO;
				GCC_NO_COMMON_BLOCKS = YES;
				GCC_OPTIMIZATION_LEVEL = 0;
				GCC_PREPROCESSOR_DEFINITIONS = (
					"DEBUG=1",
					"$(inherited)",
				);
				GCC_WARN_64_TO_32_BIT_CONVERSION = YES;
				GCC_WARN_ABOUT_RETURN_TYPE = YES_ERROR;
				GCC_WARN_UNDECLARED_SELECTOR = YES;
				GCC_WARN_UNINITIALIZED_AUTOS = YES_AGGRESSIVE;
				GCC_WARN_UNUSED_FUNCTION = YES;
				GCC_WARN_UNUSED_VARIABLE = YES;
				IPHONEOS_DEPLOYMENT_TARGET = 13.0;
				MTL_ENABLE_DEBUG_INFO = YES;
				ONLY_ACTIVE_ARCH = YES;
				SDKROOT = iphoneos;
				SWIFT_ACTIVE_COMPILATION_CONDITIONS = DEBUG;
				SWIFT_OPTIMIZATION_LEVEL = "-Onone";
			};
			name = Debug;
		};
		5EBF651F1F0AA47700BCD353 /* Release */ = {
			isa = XCBuildConfiguration;
			buildSettings = {
				ALWAYS_SEARCH_USER_PATHS = NO;
				CLANG_ANALYZER_NONNULL = YES;
				CLANG_ANALYZER_NUMBER_OBJECT_CONVERSION = YES_AGGRESSIVE;
				CLANG_CXX_LANGUAGE_STANDARD = "gnu++14";
				CLANG_CXX_LIBRARY = "libc++";
				CLANG_ENABLE_MODULES = YES;
				CLANG_ENABLE_OBJC_ARC = YES;
				CLANG_WARN_BLOCK_CAPTURE_AUTORELEASING = YES;
				CLANG_WARN_BOOL_CONVERSION = YES;
				CLANG_WARN_COMMA = YES;
				CLANG_WARN_CONSTANT_CONVERSION = YES;
				CLANG_WARN_DIRECT_OBJC_ISA_USAGE = YES_ERROR;
				CLANG_WARN_DOCUMENTATION_COMMENTS = YES;
				CLANG_WARN_EMPTY_BODY = YES;
				CLANG_WARN_ENUM_CONVERSION = YES;
				CLANG_WARN_INFINITE_RECURSION = YES;
				CLANG_WARN_INT_CONVERSION = YES;
				CLANG_WARN_OBJC_ROOT_CLASS = YES_ERROR;
				CLANG_WARN_RANGE_LOOP_ANALYSIS = YES;
				CLANG_WARN_STRICT_PROTOTYPES = YES;
				CLANG_WARN_SUSPICIOUS_MOVE = YES;
				CLANG_WARN_UNGUARDED_AVAILABILITY = YES_AGGRESSIVE;
				CLANG_WARN_UNREACHABLE_CODE = YES;
				CLANG_WARN__DUPLICATE_METHOD_MATCH = YES;
				CODE_SIGN_IDENTITY = "iPhone Developer";
				COPY_PHASE_STRIP = NO;
				DEBUG_INFORMATION_FORMAT = "dwarf-with-dsym";
				ENABLE_NS_ASSERTIONS = NO;
				ENABLE_STRICT_OBJC_MSGSEND = YES;
				GCC_C_LANGUAGE_STANDARD = gnu11;
				GCC_NO_COMMON_BLOCKS = YES;
				GCC_WARN_64_TO_32_BIT_CONVERSION = YES;
				GCC_WARN_ABOUT_RETURN_TYPE = YES_ERROR;
				GCC_WARN_UNDECLARED_SELECTOR = YES;
				GCC_WARN_UNINITIALIZED_AUTOS = YES_AGGRESSIVE;
				GCC_WARN_UNUSED_FUNCTION = YES;
				GCC_WARN_UNUSED_VARIABLE = YES;
				IPHONEOS_DEPLOYMENT_TARGET = 13.0;
				MTL_ENABLE_DEBUG_INFO = NO;
				SDKROOT = iphoneos;
				SWIFT_OPTIMIZATION_LEVEL = "-Owholemodule";
				VALIDATE_PRODUCT = YES;
			};
			name = Release;
		};
		5EBF65211F0AA47700BCD353 /* Debug */ = {
			isa = XCBuildConfiguration;
			baseConfigurationReference = 7FADC355228EAF265EC43166 /* Pods-Suno.debug.xcconfig */;
			buildSettings = {
				ASSETCATALOG_COMPILER_APPICON_NAME = AppIcon;
				COREML_CODEGEN_LANGUAGE = Swift;
				CURRENT_PROJECT_VERSION = 47;
				DEVELOPMENT_TEAM = B66JCRW7R4;
				INFOPLIST_FILE = CustomVision/Info.plist;
				IPHONEOS_DEPLOYMENT_TARGET = 13.0;
				LD_RUNPATH_SEARCH_PATHS = "$(inherited) @executable_path/Frameworks";
				MARKETING_VERSION = 1.1.13;
				PRODUCT_BUNDLE_IDENTIFIER = com.starsearth.three;
				PRODUCT_NAME = SunoDayko;
				SWIFT_VERSION = 4.0;
				TARGETED_DEVICE_FAMILY = "1,2";
			};
			name = Debug;
		};
		5EBF65221F0AA47700BCD353 /* Release */ = {
			isa = XCBuildConfiguration;
			baseConfigurationReference = 00A518D03A10503E18B775E7 /* Pods-Suno.release.xcconfig */;
			buildSettings = {
				ASSETCATALOG_COMPILER_APPICON_NAME = AppIcon;
				COREML_CODEGEN_LANGUAGE = Swift;
				CURRENT_PROJECT_VERSION = 47;
				DEVELOPMENT_TEAM = B66JCRW7R4;
				INFOPLIST_FILE = CustomVision/Info.plist;
				IPHONEOS_DEPLOYMENT_TARGET = 13.0;
				LD_RUNPATH_SEARCH_PATHS = "$(inherited) @executable_path/Frameworks";
				MARKETING_VERSION = 1.1.13;
				PRODUCT_BUNDLE_IDENTIFIER = com.starsearth.three;
				PRODUCT_NAME = SunoDayko;
				SWIFT_VERSION = 4.0;
				TARGETED_DEVICE_FAMILY = "1,2";
			};
			name = Release;
		};
/* End XCBuildConfiguration section */

/* Begin XCConfigurationList section */
		317D4C20217EC76D0081B38B /* Build configuration list for PBXNativeTarget "Suno-Watch Extension" */ = {
			isa = XCConfigurationList;
			buildConfigurations = (
				317D4C1E217EC76D0081B38B /* Debug */,
				317D4C1F217EC76D0081B38B /* Release */,
			);
			defaultConfigurationIsVisible = 0;
			defaultConfigurationName = Release;
		};
		317D4C22217EC76D0081B38B /* Build configuration list for PBXNativeTarget "Suno-Watch" */ = {
			isa = XCConfigurationList;
			buildConfigurations = (
				317D4C1C217EC76D0081B38B /* Debug */,
				317D4C1D217EC76D0081B38B /* Release */,
			);
			defaultConfigurationIsVisible = 0;
			defaultConfigurationName = Release;
		};
		31F57B73211A14D300777EA3 /* Build configuration list for PBXNativeTarget "Suno-Mac" */ = {
			isa = XCConfigurationList;
			buildConfigurations = (
				31F57B74211A14D300777EA3 /* Debug */,
				31F57B75211A14D300777EA3 /* Release */,
			);
			defaultConfigurationIsVisible = 0;
			defaultConfigurationName = Release;
		};
		31F57B76211A14D300777EA3 /* Build configuration list for PBXNativeTarget "MacAppTests" */ = {
			isa = XCConfigurationList;
			buildConfigurations = (
				31F57B77211A14D300777EA3 /* Debug */,
				31F57B78211A14D300777EA3 /* Release */,
			);
			defaultConfigurationIsVisible = 0;
			defaultConfigurationName = Release;
		};
		31F57B79211A14D300777EA3 /* Build configuration list for PBXNativeTarget "MacAppUITests" */ = {
			isa = XCConfigurationList;
			buildConfigurations = (
				31F57B7A211A14D300777EA3 /* Debug */,
				31F57B7B211A14D300777EA3 /* Release */,
			);
			defaultConfigurationIsVisible = 0;
			defaultConfigurationName = Release;
		};
		5EBF65091F0AA47700BCD353 /* Build configuration list for PBXProject "CustomVision" */ = {
			isa = XCConfigurationList;
			buildConfigurations = (
				5EBF651E1F0AA47700BCD353 /* Debug */,
				5EBF651F1F0AA47700BCD353 /* Release */,
			);
			defaultConfigurationIsVisible = 0;
			defaultConfigurationName = Release;
		};
		5EBF65201F0AA47700BCD353 /* Build configuration list for PBXNativeTarget "Suno" */ = {
			isa = XCConfigurationList;
			buildConfigurations = (
				5EBF65211F0AA47700BCD353 /* Debug */,
				5EBF65221F0AA47700BCD353 /* Release */,
			);
			defaultConfigurationIsVisible = 0;
			defaultConfigurationName = Release;
		};
/* End XCConfigurationList section */
	};
	rootObject = 5EBF65061F0AA47700BCD353 /* Project object */;
}
